PODS:
  - boost-for-react-native (1.63.0)
  - Crashlytics (3.14.0):
    - Fabric (~> 1.10.2)
  - DoubleConversion (1.1.6)
  - Fabric (1.10.2)
  - Firebase/Core (5.19.0):
    - Firebase/CoreOnly
    - FirebaseAnalytics (= 5.8.0)
  - Firebase/CoreOnly (5.19.0):
    - FirebaseCore (= 5.4.0)
  - Firebase/Messaging (5.19.0):
    - Firebase/CoreOnly
    - FirebaseMessaging (= 3.4.0)
  - FirebaseAnalytics (5.8.0):
    - FirebaseCore (~> 5.4)
    - FirebaseInstanceID (~> 3.8)
    - GoogleAppMeasurement (= 5.8.0)
    - GoogleUtilities/AppDelegateSwizzler (~> 5.2)
    - GoogleUtilities/MethodSwizzler (~> 5.2)
    - GoogleUtilities/Network (~> 5.2)
    - "GoogleUtilities/NSData+zlib (~> 5.2)"
    - nanopb (~> 0.3)
  - FirebaseAnalyticsInterop (1.4.0)
  - FirebaseCore (5.4.0):
    - GoogleUtilities/Environment (~> 5.2)
    - GoogleUtilities/Logger (~> 5.2)
  - FirebaseInstanceID (3.8.1):
    - FirebaseCore (~> 5.2)
    - GoogleUtilities/Environment (~> 5.2)
    - GoogleUtilities/UserDefaults (~> 5.2)
  - FirebaseMessaging (3.4.0):
    - FirebaseAnalyticsInterop (~> 1.1)
    - FirebaseCore (~> 5.2)
    - FirebaseInstanceID (~> 3.6)
    - GoogleUtilities/Environment (~> 5.3)
    - GoogleUtilities/Reachability (~> 5.3)
    - GoogleUtilities/UserDefaults (~> 5.3)
    - Protobuf (~> 3.1)
  - Folly (2018.10.22.00):
    - boost-for-react-native
    - DoubleConversion
    - glog
  - glog (0.3.5)
  - Google-Maps-iOS-Utils (2.1.0):
    - Google-Maps-iOS-Utils/Clustering (= 2.1.0)
    - Google-Maps-iOS-Utils/Geometry (= 2.1.0)
    - Google-Maps-iOS-Utils/Heatmap (= 2.1.0)
    - Google-Maps-iOS-Utils/QuadTree (= 2.1.0)
    - GoogleMaps
  - Google-Maps-iOS-Utils/Clustering (2.1.0):
    - Google-Maps-iOS-Utils/QuadTree
    - GoogleMaps
  - Google-Maps-iOS-Utils/Geometry (2.1.0):
    - GoogleMaps
  - Google-Maps-iOS-Utils/Heatmap (2.1.0):
    - Google-Maps-iOS-Utils/QuadTree
    - GoogleMaps
  - Google-Maps-iOS-Utils/QuadTree (2.1.0):
    - GoogleMaps
  - GoogleAppMeasurement (5.8.0):
    - GoogleUtilities/AppDelegateSwizzler (~> 5.2)
    - GoogleUtilities/MethodSwizzler (~> 5.2)
    - GoogleUtilities/Network (~> 5.2)
    - "GoogleUtilities/NSData+zlib (~> 5.2)"
    - nanopb (~> 0.3)
  - GoogleMaps (2.5.0):
    - GoogleMaps/Maps (= 2.5.0)
  - GoogleMaps/Base (2.5.0)
  - GoogleMaps/Maps (2.5.0):
    - GoogleMaps/Base
  - GoogleUtilities/AppDelegateSwizzler (5.8.0):
    - GoogleUtilities/Environment
    - GoogleUtilities/Logger
    - GoogleUtilities/Network
  - GoogleUtilities/Environment (5.8.0)
  - GoogleUtilities/Logger (5.8.0):
    - GoogleUtilities/Environment
  - GoogleUtilities/MethodSwizzler (5.8.0):
    - GoogleUtilities/Logger
  - GoogleUtilities/Network (5.8.0):
    - GoogleUtilities/Logger
    - "GoogleUtilities/NSData+zlib"
    - GoogleUtilities/Reachability
  - "GoogleUtilities/NSData+zlib (5.8.0)"
  - GoogleUtilities/Reachability (5.8.0):
    - GoogleUtilities/Logger
  - GoogleUtilities/UserDefaults (5.8.0):
    - GoogleUtilities/Logger
  - lottie-ios (3.0.3)
  - nanopb (0.3.9011):
    - nanopb/decode (= 0.3.9011)
    - nanopb/encode (= 0.3.9011)
  - nanopb/decode (0.3.9011)
  - nanopb/encode (0.3.9011)
  - Permission-BluetoothPeripheral (2.0.3):
    - RNPermissions
  - Permission-Camera (2.0.3):
    - RNPermissions
  - Permission-MediaLibrary (2.0.3):
    - RNPermissions
  - Permission-Microphone (2.0.3):
    - RNPermissions
  - Protobuf (3.11.0)
  - RCTSystemSetting (1.7.3):
    - React
  - React (0.59.10):
    - React/Core (= 0.59.10)
  - react-native-document-picker (3.2.4):
    - React
  - react-native-geolocation (2.0.2):
    - React
  - react-native-google-maps (0.24.2):
    - Google-Maps-iOS-Utils (= 2.1.0)
    - GoogleMaps (= 2.5.0)
    - React
  - react-native-image-picker (0.28.0):
    - React
  - react-native-maps (0.24.2):
    - React
  - react-native-version-number (0.3.6):
    - React
  - React/Core (0.59.10):
    - yoga (= 0.59.10.React)
  - React/CxxBridge (0.59.10):
    - Folly (= 2018.10.22.00)
    - React/Core
    - React/cxxreact
    - React/jsiexecutor
  - React/cxxreact (0.59.10):
    - boost-for-react-native (= 1.63.0)
    - DoubleConversion
    - Folly (= 2018.10.22.00)
    - glog
    - React/jsinspector
  - React/DevSupport (0.59.10):
    - React/Core
    - React/RCTWebSocket
  - React/fishhook (0.59.10)
  - React/jsi (0.59.10):
    - DoubleConversion
    - Folly (= 2018.10.22.00)
    - glog
  - React/jsiexecutor (0.59.10):
    - DoubleConversion
    - Folly (= 2018.10.22.00)
    - glog
    - React/cxxreact
    - React/jsi
  - React/jsinspector (0.59.10)
  - React/RCTActionSheet (0.59.10):
    - React/Core
  - React/RCTAnimation (0.59.10):
    - React/Core
  - React/RCTBlob (0.59.10):
    - React/Core
  - React/RCTGeolocation (0.59.10):
    - React/Core
  - React/RCTImage (0.59.10):
    - React/Core
    - React/RCTNetwork
  - React/RCTLinkingIOS (0.59.10):
    - React/Core
  - React/RCTNetwork (0.59.10):
    - React/Core
  - React/RCTSettings (0.59.10):
    - React/Core
  - React/RCTText (0.59.10):
    - React/Core
  - React/RCTVibration (0.59.10):
    - React/Core
  - React/RCTWebSocket (0.59.10):
    - React/Core
    - React/fishhook
    - React/RCTBlob
  - ReactNativeFabric (0.5.2):
    - Crashlytics
    - Fabric
    - React
  - rn-fetch-blob (0.10.6):
    - React/Core
  - RNAudioRecord (0.2.2):
    - React
  - RNAudioRecorderPlayer (2.4.3):
    - React
  - RNDeviceInfo (2.2.2):
    - React
  - RNFS (2.15.2):
    - React
  - RNGestureHandler (1.5.2):
    - React
  - RNPDF (0.10.1):
    - React
  - RNPermissions (2.0.3):
    - React
  - RNReanimated (1.4.0):
    - React
  - RNScreens (1.0.0-alpha.23):
    - React
  - RNSVG (9.11.1):
    - React
  - RNVectorIcons (6.6.0):
    - React
  - RNViewShot (2.6.0):
    - React
  - yoga (0.59.10.React)

DEPENDENCIES:
  - Crashlytics
  - DoubleConversion (from `../node_modules/react-native/third-party-podspecs/DoubleConversion.podspec`)
  - Fabric
  - Firebase/Core (~> 5.19.0)
  - Firebase/Messaging (~> 5.19.0)
  - Folly (from `../node_modules/react-native/third-party-podspecs/Folly.podspec`)
  - glog (from `../node_modules/react-native/third-party-podspecs/glog.podspec`)
  - Google-Maps-iOS-Utils
  - GoogleMaps
  - lottie-ios (from `../node_modules/lottie-ios`)
  - Permission-BluetoothPeripheral (from `../node_modules/react-native-permissions/ios/BluetoothPeripheral.podspec`)
  - Permission-Camera (from `../node_modules/react-native-permissions/ios/Camera.podspec`)
  - Permission-MediaLibrary (from `../node_modules/react-native-permissions/ios/MediaLibrary.podspec`)
  - Permission-Microphone (from `../node_modules/react-native-permissions/ios/Microphone.podspec`)
  - RCTSystemSetting (from `../node_modules/react-native-system-setting`)
  - react-native-document-picker (from `../node_modules/react-native-document-picker`)
  - "react-native-geolocation (from `../node_modules/@react-native-community/geolocation`)"
  - react-native-google-maps (from `../node_modules/react-native-maps`)
  - react-native-image-picker (from `../node_modules/react-native-image-picker`)
  - react-native-maps (from `../node_modules/react-native-maps`)
  - react-native-version-number (from `../node_modules/react-native-version-number`)
  - React/Core (from `../node_modules/react-native`)
  - React/CxxBridge (from `../node_modules/react-native`)
  - React/DevSupport (from `../node_modules/react-native`)
  - React/RCTActionSheet (from `../node_modules/react-native`)
  - React/RCTAnimation (from `../node_modules/react-native`)
  - React/RCTGeolocation (from `../node_modules/react-native`)
  - React/RCTImage (from `../node_modules/react-native`)
  - React/RCTLinkingIOS (from `../node_modules/react-native`)
  - React/RCTNetwork (from `../node_modules/react-native`)
  - React/RCTSettings (from `../node_modules/react-native`)
  - React/RCTText (from `../node_modules/react-native`)
  - React/RCTVibration (from `../node_modules/react-native`)
  - React/RCTWebSocket (from `../node_modules/react-native`)
  - ReactNativeFabric (from `../node_modules/react-native-fabric`)
  - rn-fetch-blob (from `../node_modules/rn-fetch-blob`)
  - RNAudioRecord (from `../node_modules/react-native-audio-record`)
  - RNAudioRecorderPlayer (from `../node_modules/react-native-audio-recorder-player`)
  - RNDeviceInfo (from `../node_modules/react-native-device-info`)
  - RNFS (from `../node_modules/react-native-fs`)
  - RNGestureHandler (from `../node_modules/react-native-gesture-handler`)
  - RNPDF (from `../node_modules/react-native-view-pdf`)
  - RNPermissions (from `../node_modules/react-native-permissions`)
  - RNReanimated (from `../node_modules/react-native-reanimated`)
  - RNScreens (from `../node_modules/react-native-screens`)
  - RNSVG (from `../node_modules/react-native-svg`)
  - RNVectorIcons (from `../node_modules/react-native-vector-icons`)
  - RNViewShot (from `../node_modules/react-native-view-shot`)
  - yoga (from `../node_modules/react-native/ReactCommon/yoga`)

SPEC REPOS:
  trunk:
    - boost-for-react-native
    - Crashlytics
    - Fabric
    - Firebase
    - FirebaseAnalytics
    - FirebaseAnalyticsInterop
    - FirebaseCore
    - FirebaseInstanceID
    - FirebaseMessaging
    - Google-Maps-iOS-Utils
    - GoogleAppMeasurement
    - GoogleMaps
    - GoogleUtilities
    - nanopb
    - Protobuf

EXTERNAL SOURCES:
  DoubleConversion:
    :podspec: "../node_modules/react-native/third-party-podspecs/DoubleConversion.podspec"
  Folly:
    :podspec: "../node_modules/react-native/third-party-podspecs/Folly.podspec"
  glog:
    :podspec: "../node_modules/react-native/third-party-podspecs/glog.podspec"
  lottie-ios:
    :path: "../node_modules/lottie-ios"
  Permission-BluetoothPeripheral:
    :path: "../node_modules/react-native-permissions/ios/BluetoothPeripheral.podspec"
  Permission-Camera:
    :path: "../node_modules/react-native-permissions/ios/Camera.podspec"
  Permission-MediaLibrary:
    :path: "../node_modules/react-native-permissions/ios/MediaLibrary.podspec"
  Permission-Microphone:
    :path: "../node_modules/react-native-permissions/ios/Microphone.podspec"
  RCTSystemSetting:
    :path: "../node_modules/react-native-system-setting"
  React:
    :path: "../node_modules/react-native"
  react-native-document-picker:
    :path: "../node_modules/react-native-document-picker"
  react-native-geolocation:
    :path: "../node_modules/@react-native-community/geolocation"
  react-native-google-maps:
    :path: "../node_modules/react-native-maps"
  react-native-image-picker:
    :path: "../node_modules/react-native-image-picker"
  react-native-maps:
    :path: "../node_modules/react-native-maps"
  react-native-version-number:
    :path: "../node_modules/react-native-version-number"
  ReactNativeFabric:
    :path: "../node_modules/react-native-fabric"
  rn-fetch-blob:
    :path: "../node_modules/rn-fetch-blob"
  RNAudioRecord:
    :path: "../node_modules/react-native-audio-record"
  RNAudioRecorderPlayer:
    :path: "../node_modules/react-native-audio-recorder-player"
  RNDeviceInfo:
    :path: "../node_modules/react-native-device-info"
  RNFS:
    :path: "../node_modules/react-native-fs"
  RNGestureHandler:
    :path: "../node_modules/react-native-gesture-handler"
  RNPDF:
    :path: "../node_modules/react-native-view-pdf"
  RNPermissions:
    :path: "../node_modules/react-native-permissions"
  RNReanimated:
    :path: "../node_modules/react-native-reanimated"
  RNScreens:
    :path: "../node_modules/react-native-screens"
  RNSVG:
    :path: "../node_modules/react-native-svg"
  RNVectorIcons:
    :path: "../node_modules/react-native-vector-icons"
  RNViewShot:
    :path: "../node_modules/react-native-view-shot"
  yoga:
    :path: "../node_modules/react-native/ReactCommon/yoga"

SPEC CHECKSUMS:
  boost-for-react-native: 39c7adb57c4e60d6c5479dd8623128eb5b3f0f2c
  Crashlytics: 540b7e5f5da5a042647227a5e3ac51d85eed06df
  DoubleConversion: bb338842f62ab1d708ceb63ec3d999f0f3d98ecd
  Fabric: 706c8b8098fff96c33c0db69cbf81f9c551d0d74
  Firebase: c60d49e9c2630875a96207d15e2affb8364996d1
  FirebaseAnalytics: fd72a26bf8dac84cefba2f0864366f718555a5b0
  FirebaseAnalyticsInterop: d48b6ab67bcf016a05e55b71fc39c61c0cb6b7f3
  FirebaseCore: 22a79a961c3951ef2f77b67bfbc99e454247b319
  FirebaseInstanceID: a122b0c258720cf250551bb2bedf48c699f80d90
  FirebaseMessaging: 2d53d08d752fbe63ce0820428d70be5ab87c11fb
  Folly: de497beb10f102453a1afa9edbf8cf8a251890de
  glog: aefd1eb5dda2ab95ba0938556f34b98e2da3a60d
  Google-Maps-iOS-Utils: c32891ff472eaaa1fca032beedafa1a013af7875
  GoogleAppMeasurement: 1624046ab1bcc5e170061a56ef5679000b079c8e
  GoogleMaps: c087b8e5dfe87ca6ebf59adb9b4894a4146bec4f
  GoogleUtilities: 04fce34bcd5620c1ee76fb79172105c74a4df335
  lottie-ios: 6037add6441183d4ffd100d2ac78724aa8d919d4
  nanopb: 18003b5e52dab79db540fe93fe9579f399bd1ccd
  Permission-BluetoothPeripheral: 091a53a4625e149312f7ca153e4b913ca5c38348
  Permission-Camera: 019cd09a9b6fa90f7e5b2f7a4a9e32c54027f123
  Permission-MediaLibrary: 04ac4ce4511d25bda3bded67ce1187b6b1f80d3f
  Permission-Microphone: 747e8e6364c9fa266f2acf5dd7cebaf0fce2e177
  Protobuf: 394b2bf29ec303f4325e3ee4892c09e675647152
  RCTSystemSetting: 2870be06565f2398a8786bfe8486ff6880a4326a
  React: 36d0768f9e93be2473b37e7fa64f92c1d5341eef
  react-native-document-picker: c36bf5f067a581657ecaf7124dcd921a8be19061
  react-native-geolocation: cbd9d6bd06bac411eed2671810f454d4908484a8
  react-native-google-maps: 568cb03d0eae7fef93626f65d05be55642404ed4
  react-native-image-picker: e6e06d4315e3c85bad17e4b2002cd29f11d202c8
  react-native-maps: 0316ed017dbb64b33b227751fa810e2454fcfa39
  react-native-version-number: 15563dc4145a94aabfc1faab2a9af10174a4204e
  ReactNativeFabric: d05320ff347d5c72567c115b97edeead111ac4d2
  rn-fetch-blob: 766f85cabd2992300dfa1be2bc9e4e258abc6f04
  RNAudioRecord: f38c2caac4bbbc34f24563869745110970f1dfe3
  RNAudioRecorderPlayer: ad2dd78ab2c98e24a8daecbbb923771a1d441721
  RNDeviceInfo: a88be26a64ada7cbc2bc0ebbd1662d340304874e
  RNFS: 54da03c2b7d862c42ea3ca8c7f86f892760a535a
  RNGestureHandler: 946a7691e41df61e2c4b1884deab41a4cdc3afff
  RNPDF: 8a40fafbed2714e7e8fe4e7c9f6f9815f52a939c
  RNPermissions: 332fd0d0c33ba71d83a22f584fce7b2270488ae0
  RNReanimated: b2ab0b693dddd2339bd2f300e770f6302d2e960c
  RNScreens: f28b48b8345f2f5f39ed6195518291515032a788
  RNSVG: be27aa7c58819f97399388ae53d7fa0572f32c7f
  RNVectorIcons: 0bb4def82230be1333ddaeee9fcba45f0b288ed4
  RNViewShot: 05672e0b3c36cd70633466614b4451869a70c6c7
  yoga: 684513b14b03201579ba3cee20218c9d1298b0cc

PODFILE CHECKSUM: 1ebee16908ee78000814d3884b53d12a8fbd39cf

COCOAPODS: 1.8.3
