// !$*UTF8*$!
{
	archiveVersion = 1;
	classes = {
	};
	objectVersion = 46;
	objects = {

/* Begin PBXBuildFile section */
		049386FB225DFA370033CF63 /* GoogleService-Info.plist in Resources */ = {isa = PBXBuildFile; fileRef = 049386FA225DFA370033CF63 /* GoogleService-Info.plist */; };
		0BDB4F93EFAC4269A833DD35 /* libRNImageToPdf.a in Frameworks */ = {isa = PBXBuildFile; fileRef = A7832287E1BF4467918A6AC3 /* libRNImageToPdf.a */; };
		0EB496CCBD65402CB6101409 /* Entypo.ttf in Resources */ = {isa = PBXBuildFile; fileRef = 861BE436359B40A5B710E1BB /* Entypo.ttf */; };
		13B07FBC1A68108700A75B9A /* AppDelegate.m in Sources */ = {isa = PBXBuildFile; fileRef = 13B07FB01A68108700A75B9A /* AppDelegate.m */; };
		13B07FBD1A68108700A75B9A /* LaunchScreen.xib in Resources */ = {isa = PBXBuildFile; fileRef = 13B07FB11A68108700A75B9A /* LaunchScreen.xib */; };
		13B07FBF1A68108700A75B9A /* Images.xcassets in Resources */ = {isa = PBXBuildFile; fileRef = 13B07FB51A68108700A75B9A /* Images.xcassets */; };
		13B07FC11A68108700A75B9A /* main.m in Sources */ = {isa = PBXBuildFile; fileRef = 13B07FB71A68108700A75B9A /* main.m */; };
		16D3D1D203884931A6E621BF /* Zocial.ttf in Resources */ = {isa = PBXBuildFile; fileRef = 770012F8ADA04B0C8F48E788 /* Zocial.ttf */; };
		179FDCDC0E1645AE8B76B3F3 /* AntDesign.ttf in Resources */ = {isa = PBXBuildFile; fileRef = D465E8C2E0234F4389F8685B /* AntDesign.ttf */; };
		1B1CFF31C61B4FBDB993A43E /* libRNHTMLtoPDF.a in Frameworks */ = {isa = PBXBuildFile; fileRef = 7DA53C5321BB40CCA9D694E0 /* libRNHTMLtoPDF.a */; };
		1E43B78323A8B7550034BB1C /* oye_msg_tone.mp3 in Resources */ = {isa = PBXBuildFile; fileRef = 1E43B78223A8B7550034BB1C /* oye_msg_tone.mp3 */; };
		1EB458D80BAA45129F1275C1 /* rubicon-icon-font.ttf in Resources */ = {isa = PBXBuildFile; fileRef = E8BAB1885F524E67B6415E52 /* rubicon-icon-font.ttf */; };
		240306F65F3D4FAD950C1D2A /* HelveticaNeueHv.ttf in Resources */ = {isa = PBXBuildFile; fileRef = 598D334FA25C41B08E24DE69 /* HelveticaNeueHv.ttf */; };
		2451D65A86BF457FA86F22EE /* HelveticaNeueBd.ttf in Resources */ = {isa = PBXBuildFile; fileRef = DA03311D714E4B3487257C79 /* HelveticaNeueBd.ttf */; };
		25D7E24572F94786B8FFC4C6 /* Roboto.ttf in Resources */ = {isa = PBXBuildFile; fileRef = C81EE116B58A407B802BD1A7 /* Roboto.ttf */; };
		33204605FC1E4E1CA4E6CA7B /* Ionicons.ttf in Resources */ = {isa = PBXBuildFile; fileRef = FCE1202D81A94C659368BD94 /* Ionicons.ttf */; };
		3695FCCD4F73492FBF5E2A69 /* Fontisto.ttf in Resources */ = {isa = PBXBuildFile; fileRef = F29A1B3442204F989EB56B28 /* Fontisto.ttf */; };
		372953B25D94459886D183E0 /* Octicons.ttf in Resources */ = {isa = PBXBuildFile; fileRef = F458CCDED1A544129FAC5DBC /* Octicons.ttf */; };
		380AF2CE6CA244499F710B30 /* Zocial.ttf in Resources */ = {isa = PBXBuildFile; fileRef = 962DB82BDD1249AB8E425B06 /* Zocial.ttf */; };
		38B525F3545E455D8964C5F2 /* FontAwesome5_Brands.ttf in Resources */ = {isa = PBXBuildFile; fileRef = 3AD9646F2057470C85588565 /* FontAwesome5_Brands.ttf */; };
		3C692752CF254C64975B8B32 /* Feather.ttf in Resources */ = {isa = PBXBuildFile; fileRef = E6B5BF6EA03642FBBF468897 /* Feather.ttf */; };
		431491A4BDBF4091B54D471D /* icomoon.ttf in Resources */ = {isa = PBXBuildFile; fileRef = 530C876369ED4A44BFC69F91 /* icomoon.ttf */; };
		44512FD9D4104B779E62E424 /* HelveticaNeue Medium.ttf in Resources */ = {isa = PBXBuildFile; fileRef = B7C2B4B7C4E54C8EB258ED03 /* HelveticaNeue Medium.ttf */; };
		45F2C09FA9C745C3AB99AF3B /* Roboto_medium.ttf in Resources */ = {isa = PBXBuildFile; fileRef = 4271DDB0E5644656A2D4E22A /* Roboto_medium.ttf */; };
		4A9667DD066849C885ED7102 /* AntDesign.ttf in Resources */ = {isa = PBXBuildFile; fileRef = A47DD476FB47402E9FEBD175 /* AntDesign.ttf */; };
		4B5CBDD6575A4C33B5260EC0 /* FontAwesome.ttf in Resources */ = {isa = PBXBuildFile; fileRef = A66E53DA04924BBD9642759B /* FontAwesome.ttf */; };
		4FAE969389E34CD9967078AD /* MaterialIcons.ttf in Resources */ = {isa = PBXBuildFile; fileRef = E01F59953BF941178E8C2AFC /* MaterialIcons.ttf */; };
		50DC1D65528F4723BD0B808E /* FontAwesome5_Brands.ttf in Resources */ = {isa = PBXBuildFile; fileRef = 3029C82C989345A69908B653 /* FontAwesome5_Brands.ttf */; };
		58775470DA684F92AE55A9AD /* HelveticaNeueLt.ttf in Resources */ = {isa = PBXBuildFile; fileRef = 00B61C2974B040ECA252A754 /* HelveticaNeueLt.ttf */; };
		5972C4279F4F4ECE99D5C64E /* FontAwesome.ttf in Resources */ = {isa = PBXBuildFile; fileRef = 8AD047C5D38B43898404DC1A /* FontAwesome.ttf */; };
		67BCC157B1E14945AFCE9B93 /* SimpleLineIcons.ttf in Resources */ = {isa = PBXBuildFile; fileRef = 507D1399AF8540F6A8304349 /* SimpleLineIcons.ttf */; };
		71616948936E4306B3D6DBCC /* Foundation.ttf in Resources */ = {isa = PBXBuildFile; fileRef = 61DE9A3CCE4D45248472EBEB /* Foundation.ttf */; };
		7303754ED918449D96A0FE6E /* SimpleLineIcons.ttf in Resources */ = {isa = PBXBuildFile; fileRef = 426DAAB08359498F908E82FD /* SimpleLineIcons.ttf */; };
		77686AE00B724E57B8CEEA67 /* HelveticaNeue Light.ttf in Resources */ = {isa = PBXBuildFile; fileRef = 71E2D925009844C1BC539662 /* HelveticaNeue Light.ttf */; };
		88305F283D3446768C4E5EEB /* Fontisto.ttf in Resources */ = {isa = PBXBuildFile; fileRef = D38559AC8C4E410B80C49269 /* Fontisto.ttf */; };
		901C36D877D94F1C89E7C19B /* FontAwesome5_Solid.ttf in Resources */ = {isa = PBXBuildFile; fileRef = 42ADC5C735BF4620B8B82E63 /* FontAwesome5_Solid.ttf */; };
		930F1F01B8FD42468E78DF39 /* FontAwesome5_Regular.ttf in Resources */ = {isa = PBXBuildFile; fileRef = 441D6DC191CD45E0BF4AE4F9 /* FontAwesome5_Regular.ttf */; };
		967B8AB0A6A94F16A283D204 /* MaterialIcons.ttf in Resources */ = {isa = PBXBuildFile; fileRef = 5D8FED1A448A4B69B4222891 /* MaterialIcons.ttf */; };
		9A46C6FB585F49E092F7DEA0 /* RNHTMLtoPDFTests.xctest in Frameworks */ = {isa = PBXBuildFile; fileRef = 4B9332DBD6EE4F83BBCE6AFB /* RNHTMLtoPDFTests.xctest */; };
		9ACD5F978E8A4EDA8684B0EC /* Helvetica Neu Bold.ttf in Resources */ = {isa = PBXBuildFile; fileRef = 227E4A1F1A5B44F68D79F8D0 /* Helvetica Neu Bold.ttf */; };
		9F06026C22C4FF5200DA17C8 /* MapKit.framework in Frameworks */ = {isa = PBXBuildFile; fileRef = 9F06026B22C4FF5200DA17C8 /* MapKit.framework */; };
		9F69818423B1DC11009D1E50 /* OyeSoace.swift in Sources */ = {isa = PBXBuildFile; fileRef = 9F69818323B1DC11009D1E50 /* OyeSoace.swift */; };
		9F69818623B1DC25009D1E50 /* oye_msg_tone.mp3 in Resources */ = {isa = PBXBuildFile; fileRef = 9F69818523B1DC25009D1E50 /* oye_msg_tone.mp3 */; };
		9FB793932355CA3700D8145E /* sound_1.mp3 in Resources */ = {isa = PBXBuildFile; fileRef = 9FB793922355CA3700D8145E /* sound_1.mp3 */; };
		9FCBB88622FB068200C2E0AF /* Social.framework in Frameworks */ = {isa = PBXBuildFile; fileRef = 9FCBB88522FB068100C2E0AF /* Social.framework */; };
		9FCBB88822FB068F00C2E0AF /* MessageUI.framework in Frameworks */ = {isa = PBXBuildFile; fileRef = 9FCBB88722FB068F00C2E0AF /* MessageUI.framework */; };
		A044B858230D4DA98A645E50 /* MaterialCommunityIcons.ttf in Resources */ = {isa = PBXBuildFile; fileRef = 4A97874886154EAD8570A5A1 /* MaterialCommunityIcons.ttf */; };
		A1E6D75E21DF2328006FE22F /* libsqlite3.tbd in Frameworks */ = {isa = PBXBuildFile; fileRef = A1E6D75D21DF2328006FE22F /* libsqlite3.tbd */; };
		A1E6D76021DF2331006FE22F /* libsqlite3.0.tbd in Frameworks */ = {isa = PBXBuildFile; fileRef = A1E6D75F21DF2331006FE22F /* libsqlite3.0.tbd */; };
		A6A4F891D36D44499B5E3AA4 /* FontAwesome5_Solid.ttf in Resources */ = {isa = PBXBuildFile; fileRef = 5440D5D5A452436D90C91F55 /* FontAwesome5_Solid.ttf */; };
		B4636BB2FBD24E9BA6FE9A13 /* HelveticaNeue.ttf in Resources */ = {isa = PBXBuildFile; fileRef = 33D3B05148DA40A9A06D53D5 /* HelveticaNeue.ttf */; };
		B9E1905B5D7E4ED1BA9765E5 /* Feather.ttf in Resources */ = {isa = PBXBuildFile; fileRef = 94DEC93270D64A4FADE3CBA7 /* Feather.ttf */; };
		BC041C3F2D14464AA7111EC4 /* HelveticaNeue Thin.ttf in Resources */ = {isa = PBXBuildFile; fileRef = 253DDAA8919E4C8FA81CB155 /* HelveticaNeue Thin.ttf */; };
		C5A6861F06354B359662DEF7 /* EvilIcons.ttf in Resources */ = {isa = PBXBuildFile; fileRef = 15D244A9D5F44951A3FE136F /* EvilIcons.ttf */; };
		CF99B4A4C7CC46CCAD6383FB /* Octicons.ttf in Resources */ = {isa = PBXBuildFile; fileRef = 763718FA845F4E2882E3667A /* Octicons.ttf */; };
		D0CC7FD192F94D04900DFA24 /* HelveticaNeueIt.ttf in Resources */ = {isa = PBXBuildFile; fileRef = 2889CF3CB5DC45A686BC8893 /* HelveticaNeueIt.ttf */; };
		DDDE370D61BA41EE8E7C28AA /* MaterialCommunityIcons.ttf in Resources */ = {isa = PBXBuildFile; fileRef = C414C04D798746EBA1C72930 /* MaterialCommunityIcons.ttf */; };
		DF3551DC4E6C4FB2A81A6A87 /* EvilIcons.ttf in Resources */ = {isa = PBXBuildFile; fileRef = C5F442386F8645E7A7018261 /* EvilIcons.ttf */; };
		E0DD5A639E34485C8EDFA30C /* HelveticaNeue BlackCond.ttf in Resources */ = {isa = PBXBuildFile; fileRef = 75C9C0A45548447EAD86EAB6 /* HelveticaNeue BlackCond.ttf */; };
		E19FC83F61CC45458AAD835B /* Foundation.ttf in Resources */ = {isa = PBXBuildFile; fileRef = CB7A8783201D4585B6F2B1D1 /* Foundation.ttf */; };
		EF564E8C5B354C6AA75BA602 /* HelveticaNeueMed.ttf in Resources */ = {isa = PBXBuildFile; fileRef = F0B2FCB7F1B84CCA869C108E /* HelveticaNeueMed.ttf */; };
		F0D76AD689F1208DBD46DFD1 /* libPods-OyeSpace.a in Frameworks */ = {isa = PBXBuildFile; fileRef = 49D901667F8B689A62B2BB4C /* libPods-OyeSpace.a */; };
		F12C89A5946E4D56B497B889 /* Ionicons.ttf in Resources */ = {isa = PBXBuildFile; fileRef = 2328DDF9544647CC922A4556 /* Ionicons.ttf */; };
		F6AC63031EDA4ADEACA79D56 /* Entypo.ttf in Resources */ = {isa = PBXBuildFile; fileRef = 22FE5082DA494D888B11412A /* Entypo.ttf */; };
		F86D2FF2019D49F593E73243 /* FontAwesome5_Regular.ttf in Resources */ = {isa = PBXBuildFile; fileRef = 102944E29C634BF6AAFA7678 /* FontAwesome5_Regular.ttf */; };
		FD735809232914EC005D887E /* icomoon.ttf in Resources */ = {isa = PBXBuildFile; fileRef = FD7357D0232914AB005D887E /* icomoon.ttf */; };
		FDBD6B97222AF41B00D8C8DA /* JavaScriptCore.framework in Frameworks */ = {isa = PBXBuildFile; fileRef = FDBD6B96222AF41B00D8C8DA /* JavaScriptCore.framework */; };
/* End PBXBuildFile section */

/* Begin PBXContainerItemProxy section */
		933D32A1240FD61F00924188 /* PBXContainerItemProxy */ = {
			isa = PBXContainerItemProxy;
			containerPortal = 933D329D240FD61F00924188 /* RNHTMLtoPDF.xcodeproj */;
			proxyType = 2;
			remoteGlobalIDString = 117405EF1B9954BF004425E1;
			remoteInfo = RNHTMLtoPDF;
		};
/* End PBXContainerItemProxy section */

/* Begin PBXCopyFilesBuildPhase section */
		FD8A82B82235298900D04468 /* Embed Frameworks */ = {
			isa = PBXCopyFilesBuildPhase;
			buildActionMask = 2147483647;
			dstPath = "";
			dstSubfolderSpec = 10;
			files = (
			);
			name = "Embed Frameworks";
			runOnlyForDeploymentPostprocessing = 0;
		};
/* End PBXCopyFilesBuildPhase section */

/* Begin PBXFileReference section */
		008F07F21AC5B25A0029DE68 /* main.jsbundle */ = {isa = PBXFileReference; fileEncoding = 4; lastKnownFileType = text; path = main.jsbundle; sourceTree = "<group>"; };
		00B61C2974B040ECA252A754 /* HelveticaNeueLt.ttf */ = {isa = PBXFileReference; explicitFileType = undefined; fileEncoding = 9; includeInIndex = 0; lastKnownFileType = unknown; name = HelveticaNeueLt.ttf; path = ../fonts/HelveticaNeueLt.ttf; sourceTree = "<group>"; };
		00E356F11AD99517003FC87E /* Info.plist */ = {isa = PBXFileReference; lastKnownFileType = text.plist.xml; path = Info.plist; sourceTree = "<group>"; };
		00E356F21AD99517003FC87E /* OyeSpaceTests.m */ = {isa = PBXFileReference; lastKnownFileType = sourcecode.c.objc; path = OyeSpaceTests.m; sourceTree = "<group>"; };
		042936001371409F9D67B5D8 /* libreactnativeuilib.a */ = {isa = PBXFileReference; explicitFileType = undefined; fileEncoding = 9; includeInIndex = 0; lastKnownFileType = archive.ar; path = libreactnativeuilib.a; sourceTree = "<group>"; };
		049386FA225DFA370033CF63 /* GoogleService-Info.plist */ = {isa = PBXFileReference; fileEncoding = 4; lastKnownFileType = text.plist.xml; path = "GoogleService-Info.plist"; sourceTree = "<group>"; };
		049386FC225E00580033CF63 /* OyeSpace.entitlements */ = {isa = PBXFileReference; lastKnownFileType = text.plist.entitlements; name = OyeSpace.entitlements; path = OyeSpace/OyeSpace.entitlements; sourceTree = "<group>"; };
		102944E29C634BF6AAFA7678 /* FontAwesome5_Regular.ttf */ = {isa = PBXFileReference; explicitFileType = undefined; fileEncoding = 9; includeInIndex = 0; lastKnownFileType = unknown; name = FontAwesome5_Regular.ttf; path = "../node_modules/native-base/Fonts/FontAwesome5_Regular.ttf"; sourceTree = "<group>"; };
		13B07F961A680F5B00A75B9A /* OyeSpace.app */ = {isa = PBXFileReference; explicitFileType = wrapper.application; includeInIndex = 0; path = OyeSpace.app; sourceTree = BUILT_PRODUCTS_DIR; };
		13B07FAF1A68108700A75B9A /* AppDelegate.h */ = {isa = PBXFileReference; fileEncoding = 4; lastKnownFileType = sourcecode.c.h; name = AppDelegate.h; path = OyeSpace/AppDelegate.h; sourceTree = "<group>"; };
		13B07FB01A68108700A75B9A /* AppDelegate.m */ = {isa = PBXFileReference; fileEncoding = 4; lastKnownFileType = sourcecode.c.objc; name = AppDelegate.m; path = OyeSpace/AppDelegate.m; sourceTree = "<group>"; };
		13B07FB21A68108700A75B9A /* Base */ = {isa = PBXFileReference; lastKnownFileType = file.xib; name = Base; path = Base.lproj/LaunchScreen.xib; sourceTree = "<group>"; };
		13B07FB51A68108700A75B9A /* Images.xcassets */ = {isa = PBXFileReference; lastKnownFileType = folder.assetcatalog; name = Images.xcassets; path = OyeSpace/Images.xcassets; sourceTree = "<group>"; };
		13B07FB61A68108700A75B9A /* Info.plist */ = {isa = PBXFileReference; fileEncoding = 4; lastKnownFileType = text.plist.xml; name = Info.plist; path = OyeSpace/Info.plist; sourceTree = "<group>"; };
		13B07FB71A68108700A75B9A /* main.m */ = {isa = PBXFileReference; fileEncoding = 4; lastKnownFileType = sourcecode.c.objc; name = main.m; path = OyeSpace/main.m; sourceTree = "<group>"; };
		15D244A9D5F44951A3FE136F /* EvilIcons.ttf */ = {isa = PBXFileReference; explicitFileType = undefined; fileEncoding = 9; includeInIndex = 0; lastKnownFileType = unknown; name = EvilIcons.ttf; path = "../node_modules/react-native-vector-icons/Fonts/EvilIcons.ttf"; sourceTree = "<group>"; };
		1E43B78223A8B7550034BB1C /* oye_msg_tone.mp3 */ = {isa = PBXFileReference; lastKnownFileType = audio.mp3; name = oye_msg_tone.mp3; path = ../src/screens/Resident/Dashboard/oye_msg_tone.mp3; sourceTree = "<group>"; };
		227E4A1F1A5B44F68D79F8D0 /* Helvetica Neu Bold.ttf */ = {isa = PBXFileReference; explicitFileType = undefined; fileEncoding = 9; includeInIndex = 0; lastKnownFileType = unknown; name = "Helvetica Neu Bold.ttf"; path = "../fonts/Helvetica Neu Bold.ttf"; sourceTree = "<group>"; };
		22FE5082DA494D888B11412A /* Entypo.ttf */ = {isa = PBXFileReference; explicitFileType = undefined; fileEncoding = 9; includeInIndex = 0; lastKnownFileType = unknown; name = Entypo.ttf; path = "../node_modules/native-base/Fonts/Entypo.ttf"; sourceTree = "<group>"; };
		2328DDF9544647CC922A4556 /* Ionicons.ttf */ = {isa = PBXFileReference; explicitFileType = undefined; fileEncoding = 9; includeInIndex = 0; lastKnownFileType = unknown; name = Ionicons.ttf; path = "../node_modules/react-native-vector-icons/Fonts/Ionicons.ttf"; sourceTree = "<group>"; };
		253DDAA8919E4C8FA81CB155 /* HelveticaNeue Thin.ttf */ = {isa = PBXFileReference; explicitFileType = undefined; fileEncoding = 9; includeInIndex = 0; lastKnownFileType = unknown; name = "HelveticaNeue Thin.ttf"; path = "../fonts/HelveticaNeue Thin.ttf"; sourceTree = "<group>"; };
		26BC40904E4A4FEAB7D5712E /* libRNLocationSatellites.a */ = {isa = PBXFileReference; explicitFileType = undefined; fileEncoding = 9; includeInIndex = 0; lastKnownFileType = archive.ar; path = libRNLocationSatellites.a; sourceTree = "<group>"; };
		2889CF3CB5DC45A686BC8893 /* HelveticaNeueIt.ttf */ = {isa = PBXFileReference; explicitFileType = undefined; fileEncoding = 9; includeInIndex = 0; lastKnownFileType = unknown; name = HelveticaNeueIt.ttf; path = ../fonts/HelveticaNeueIt.ttf; sourceTree = "<group>"; };
		2D16E6891FA4F8E400B85C8A /* libReact.a */ = {isa = PBXFileReference; explicitFileType = archive.ar; path = libReact.a; sourceTree = BUILT_PRODUCTS_DIR; };
		3029C82C989345A69908B653 /* FontAwesome5_Brands.ttf */ = {isa = PBXFileReference; explicitFileType = undefined; fileEncoding = 9; includeInIndex = 0; lastKnownFileType = unknown; name = FontAwesome5_Brands.ttf; path = "../node_modules/native-base/Fonts/FontAwesome5_Brands.ttf"; sourceTree = "<group>"; };
		33D3B05148DA40A9A06D53D5 /* HelveticaNeue.ttf */ = {isa = PBXFileReference; explicitFileType = undefined; fileEncoding = 9; includeInIndex = 0; lastKnownFileType = unknown; name = HelveticaNeue.ttf; path = ../fonts/HelveticaNeue.ttf; sourceTree = "<group>"; };
		3AD9646F2057470C85588565 /* FontAwesome5_Brands.ttf */ = {isa = PBXFileReference; explicitFileType = undefined; fileEncoding = 9; includeInIndex = 0; lastKnownFileType = unknown; name = FontAwesome5_Brands.ttf; path = "../node_modules/react-native-vector-icons/Fonts/FontAwesome5_Brands.ttf"; sourceTree = "<group>"; };
		3B8C4CD23A5987167C5DFB4D /* libPods-OyeSpace-tvOS.a */ = {isa = PBXFileReference; explicitFileType = archive.ar; includeInIndex = 0; path = "libPods-OyeSpace-tvOS.a"; sourceTree = BUILT_PRODUCTS_DIR; };
		426DAAB08359498F908E82FD /* SimpleLineIcons.ttf */ = {isa = PBXFileReference; explicitFileType = undefined; fileEncoding = 9; includeInIndex = 0; lastKnownFileType = unknown; name = SimpleLineIcons.ttf; path = "../node_modules/react-native-vector-icons/Fonts/SimpleLineIcons.ttf"; sourceTree = "<group>"; };
		4271DDB0E5644656A2D4E22A /* Roboto_medium.ttf */ = {isa = PBXFileReference; explicitFileType = undefined; fileEncoding = 9; includeInIndex = 0; lastKnownFileType = unknown; name = Roboto_medium.ttf; path = "../node_modules/native-base/Fonts/Roboto_medium.ttf"; sourceTree = "<group>"; };
		42ADC5C735BF4620B8B82E63 /* FontAwesome5_Solid.ttf */ = {isa = PBXFileReference; explicitFileType = undefined; fileEncoding = 9; includeInIndex = 0; lastKnownFileType = unknown; name = FontAwesome5_Solid.ttf; path = "../node_modules/native-base/Fonts/FontAwesome5_Solid.ttf"; sourceTree = "<group>"; };
		441D6DC191CD45E0BF4AE4F9 /* FontAwesome5_Regular.ttf */ = {isa = PBXFileReference; explicitFileType = undefined; fileEncoding = 9; includeInIndex = 0; lastKnownFileType = unknown; name = FontAwesome5_Regular.ttf; path = "../node_modules/react-native-vector-icons/Fonts/FontAwesome5_Regular.ttf"; sourceTree = "<group>"; };
		49D901667F8B689A62B2BB4C /* libPods-OyeSpace.a */ = {isa = PBXFileReference; explicitFileType = archive.ar; includeInIndex = 0; path = "libPods-OyeSpace.a"; sourceTree = BUILT_PRODUCTS_DIR; };
		4A97874886154EAD8570A5A1 /* MaterialCommunityIcons.ttf */ = {isa = PBXFileReference; explicitFileType = undefined; fileEncoding = 9; includeInIndex = 0; lastKnownFileType = unknown; name = MaterialCommunityIcons.ttf; path = "../node_modules/native-base/Fonts/MaterialCommunityIcons.ttf"; sourceTree = "<group>"; };
		4B9332DBD6EE4F83BBCE6AFB /* RNHTMLtoPDFTests.xctest */ = {isa = PBXFileReference; explicitFileType = undefined; fileEncoding = 9; includeInIndex = 0; lastKnownFileType = wrapper.cfbundle; path = RNHTMLtoPDFTests.xctest; sourceTree = "<group>"; };
		507D1399AF8540F6A8304349 /* SimpleLineIcons.ttf */ = {isa = PBXFileReference; explicitFileType = undefined; fileEncoding = 9; includeInIndex = 0; lastKnownFileType = unknown; name = SimpleLineIcons.ttf; path = "../node_modules/native-base/Fonts/SimpleLineIcons.ttf"; sourceTree = "<group>"; };
		530C876369ED4A44BFC69F91 /* icomoon.ttf */ = {isa = PBXFileReference; explicitFileType = undefined; fileEncoding = 9; includeInIndex = 0; lastKnownFileType = unknown; name = icomoon.ttf; path = ../fonts/icomoon.ttf; sourceTree = "<group>"; };
		5440D5D5A452436D90C91F55 /* FontAwesome5_Solid.ttf */ = {isa = PBXFileReference; explicitFileType = undefined; fileEncoding = 9; includeInIndex = 0; lastKnownFileType = unknown; name = FontAwesome5_Solid.ttf; path = "../node_modules/react-native-vector-icons/Fonts/FontAwesome5_Solid.ttf"; sourceTree = "<group>"; };
		598D334FA25C41B08E24DE69 /* HelveticaNeueHv.ttf */ = {isa = PBXFileReference; explicitFileType = undefined; fileEncoding = 9; includeInIndex = 0; lastKnownFileType = unknown; name = HelveticaNeueHv.ttf; path = ../fonts/HelveticaNeueHv.ttf; sourceTree = "<group>"; };
		5D8FED1A448A4B69B4222891 /* MaterialIcons.ttf */ = {isa = PBXFileReference; explicitFileType = undefined; fileEncoding = 9; includeInIndex = 0; lastKnownFileType = unknown; name = MaterialIcons.ttf; path = "../node_modules/react-native-vector-icons/Fonts/MaterialIcons.ttf"; sourceTree = "<group>"; };
		5FF420585C58EBDA69412D06 /* Pods-OyeSpace-tvOS.release.xcconfig */ = {isa = PBXFileReference; includeInIndex = 1; lastKnownFileType = text.xcconfig; name = "Pods-OyeSpace-tvOS.release.xcconfig"; path = "Pods/Target Support Files/Pods-OyeSpace-tvOS/Pods-OyeSpace-tvOS.release.xcconfig"; sourceTree = "<group>"; };
		61DE9A3CCE4D45248472EBEB /* Foundation.ttf */ = {isa = PBXFileReference; explicitFileType = undefined; fileEncoding = 9; includeInIndex = 0; lastKnownFileType = unknown; name = Foundation.ttf; path = "../node_modules/react-native-vector-icons/Fonts/Foundation.ttf"; sourceTree = "<group>"; };
		71E2D925009844C1BC539662 /* HelveticaNeue Light.ttf */ = {isa = PBXFileReference; explicitFileType = undefined; fileEncoding = 9; includeInIndex = 0; lastKnownFileType = unknown; name = "HelveticaNeue Light.ttf"; path = "../fonts/HelveticaNeue Light.ttf"; sourceTree = "<group>"; };
		75C9C0A45548447EAD86EAB6 /* HelveticaNeue BlackCond.ttf */ = {isa = PBXFileReference; explicitFileType = undefined; fileEncoding = 9; includeInIndex = 0; lastKnownFileType = unknown; name = "HelveticaNeue BlackCond.ttf"; path = "../fonts/HelveticaNeue BlackCond.ttf"; sourceTree = "<group>"; };
		763718FA845F4E2882E3667A /* Octicons.ttf */ = {isa = PBXFileReference; explicitFileType = undefined; fileEncoding = 9; includeInIndex = 0; lastKnownFileType = unknown; name = Octicons.ttf; path = "../node_modules/native-base/Fonts/Octicons.ttf"; sourceTree = "<group>"; };
		770012F8ADA04B0C8F48E788 /* Zocial.ttf */ = {isa = PBXFileReference; explicitFileType = undefined; fileEncoding = 9; includeInIndex = 0; lastKnownFileType = unknown; name = Zocial.ttf; path = "../node_modules/react-native-vector-icons/Fonts/Zocial.ttf"; sourceTree = "<group>"; };
		79BDBBE7B8E64EF0968D7F2F /* libRNExitApp.a */ = {isa = PBXFileReference; explicitFileType = undefined; fileEncoding = 9; includeInIndex = 0; lastKnownFileType = archive.ar; path = libRNExitApp.a; sourceTree = "<group>"; };
		7A4A2569E0D590993177D693 /* Pods-OyeSpace-tvOSTests.debug.xcconfig */ = {isa = PBXFileReference; includeInIndex = 1; lastKnownFileType = text.xcconfig; name = "Pods-OyeSpace-tvOSTests.debug.xcconfig"; path = "Pods/Target Support Files/Pods-OyeSpace-tvOSTests/Pods-OyeSpace-tvOSTests.debug.xcconfig"; sourceTree = "<group>"; };
		7C71D40147BB9431F46327DD /* Pods-OyeSpace-tvOS.debug.xcconfig */ = {isa = PBXFileReference; includeInIndex = 1; lastKnownFileType = text.xcconfig; name = "Pods-OyeSpace-tvOS.debug.xcconfig"; path = "Pods/Target Support Files/Pods-OyeSpace-tvOS/Pods-OyeSpace-tvOS.debug.xcconfig"; sourceTree = "<group>"; };
		7DA53C5321BB40CCA9D694E0 /* libRNHTMLtoPDF.a */ = {isa = PBXFileReference; explicitFileType = undefined; fileEncoding = 9; includeInIndex = 0; lastKnownFileType = archive.ar; path = libRNHTMLtoPDF.a; sourceTree = "<group>"; };
		84168EE97B134A294AF8665F /* libPods-OyeSpaceTests.a */ = {isa = PBXFileReference; explicitFileType = archive.ar; includeInIndex = 0; path = "libPods-OyeSpaceTests.a"; sourceTree = BUILT_PRODUCTS_DIR; };
		861BE436359B40A5B710E1BB /* Entypo.ttf */ = {isa = PBXFileReference; explicitFileType = undefined; fileEncoding = 9; includeInIndex = 0; lastKnownFileType = unknown; name = Entypo.ttf; path = "../node_modules/react-native-vector-icons/Fonts/Entypo.ttf"; sourceTree = "<group>"; };
		8AD047C5D38B43898404DC1A /* FontAwesome.ttf */ = {isa = PBXFileReference; explicitFileType = undefined; fileEncoding = 9; includeInIndex = 0; lastKnownFileType = unknown; name = FontAwesome.ttf; path = "../node_modules/react-native-vector-icons/Fonts/FontAwesome.ttf"; sourceTree = "<group>"; };
		92A6A3934A9C4F1B9F512202 /* libRCTRestart.a */ = {isa = PBXFileReference; explicitFileType = undefined; fileEncoding = 9; includeInIndex = 0; lastKnownFileType = archive.ar; path = libRCTRestart.a; sourceTree = "<group>"; };
		92FFB1D38E4C7094907CF41B /* libPods-OyeSpace-tvOSTests.a */ = {isa = PBXFileReference; explicitFileType = archive.ar; includeInIndex = 0; path = "libPods-OyeSpace-tvOSTests.a"; sourceTree = BUILT_PRODUCTS_DIR; };
		933D329D240FD61F00924188 /* RNHTMLtoPDF.xcodeproj */ = {isa = PBXFileReference; lastKnownFileType = "wrapper.pb-project"; name = RNHTMLtoPDF.xcodeproj; path = "../node_modules/react-native-html-to-pdf/ios/RNHTMLtoPDF.xcodeproj"; sourceTree = "<group>"; };
		94DEC93270D64A4FADE3CBA7 /* Feather.ttf */ = {isa = PBXFileReference; explicitFileType = undefined; fileEncoding = 9; includeInIndex = 0; lastKnownFileType = unknown; name = Feather.ttf; path = "../node_modules/react-native-vector-icons/Fonts/Feather.ttf"; sourceTree = "<group>"; };
		962DB82BDD1249AB8E425B06 /* Zocial.ttf */ = {isa = PBXFileReference; explicitFileType = undefined; fileEncoding = 9; includeInIndex = 0; lastKnownFileType = unknown; name = Zocial.ttf; path = "../node_modules/native-base/Fonts/Zocial.ttf"; sourceTree = "<group>"; };
		9829F0B4AFED38BA79B920FC /* Pods-OyeSpaceTests.release.xcconfig */ = {isa = PBXFileReference; includeInIndex = 1; lastKnownFileType = text.xcconfig; name = "Pods-OyeSpaceTests.release.xcconfig"; path = "Pods/Target Support Files/Pods-OyeSpaceTests/Pods-OyeSpaceTests.release.xcconfig"; sourceTree = "<group>"; };
		9F06026B22C4FF5200DA17C8 /* MapKit.framework */ = {isa = PBXFileReference; lastKnownFileType = wrapper.framework; name = MapKit.framework; path = System/Library/Frameworks/MapKit.framework; sourceTree = SDKROOT; };
		9F69818323B1DC11009D1E50 /* OyeSoace.swift */ = {isa = PBXFileReference; fileEncoding = 4; lastKnownFileType = sourcecode.swift; path = OyeSoace.swift; sourceTree = "<group>"; };
		9F69818523B1DC25009D1E50 /* oye_msg_tone.mp3 */ = {isa = PBXFileReference; lastKnownFileType = audio.mp3; path = oye_msg_tone.mp3; sourceTree = "<group>"; };
		9F69818723B1DDDA009D1E50 /* OyeSpace-Bridging-Header.h */ = {isa = PBXFileReference; fileEncoding = 4; lastKnownFileType = sourcecode.c.h; name = "OyeSpace-Bridging-Header.h"; path = "../../../../../../Downloads/OyeSpace-Bridging-Header.h"; sourceTree = "<group>"; };
		9FB793922355CA3700D8145E /* sound_1.mp3 */ = {isa = PBXFileReference; lastKnownFileType = audio.mp3; path = sound_1.mp3; sourceTree = "<group>"; };
		9FCBB88522FB068100C2E0AF /* Social.framework */ = {isa = PBXFileReference; lastKnownFileType = wrapper.framework; name = Social.framework; path = System/Library/Frameworks/Social.framework; sourceTree = SDKROOT; };
		9FCBB88722FB068F00C2E0AF /* MessageUI.framework */ = {isa = PBXFileReference; lastKnownFileType = wrapper.framework; name = MessageUI.framework; path = System/Library/Frameworks/MessageUI.framework; sourceTree = SDKROOT; };
		A1E6D75D21DF2328006FE22F /* libsqlite3.tbd */ = {isa = PBXFileReference; lastKnownFileType = "sourcecode.text-based-dylib-definition"; name = libsqlite3.tbd; path = usr/lib/libsqlite3.tbd; sourceTree = SDKROOT; };
		A1E6D75F21DF2331006FE22F /* libsqlite3.0.tbd */ = {isa = PBXFileReference; lastKnownFileType = "sourcecode.text-based-dylib-definition"; name = libsqlite3.0.tbd; path = usr/lib/libsqlite3.0.tbd; sourceTree = SDKROOT; };
		A2BC530A3422ADCC528A3FCB /* Pods-OyeSpaceTests.debug.xcconfig */ = {isa = PBXFileReference; includeInIndex = 1; lastKnownFileType = text.xcconfig; name = "Pods-OyeSpaceTests.debug.xcconfig"; path = "Pods/Target Support Files/Pods-OyeSpaceTests/Pods-OyeSpaceTests.debug.xcconfig"; sourceTree = "<group>"; };
		A47DD476FB47402E9FEBD175 /* AntDesign.ttf */ = {isa = PBXFileReference; explicitFileType = undefined; fileEncoding = 9; includeInIndex = 0; lastKnownFileType = unknown; name = AntDesign.ttf; path = "../node_modules/native-base/Fonts/AntDesign.ttf"; sourceTree = "<group>"; };
		A66E53DA04924BBD9642759B /* FontAwesome.ttf */ = {isa = PBXFileReference; explicitFileType = undefined; fileEncoding = 9; includeInIndex = 0; lastKnownFileType = unknown; name = FontAwesome.ttf; path = "../node_modules/native-base/Fonts/FontAwesome.ttf"; sourceTree = "<group>"; };
		A7832287E1BF4467918A6AC3 /* libRNImageToPdf.a */ = {isa = PBXFileReference; explicitFileType = undefined; fileEncoding = 9; includeInIndex = 0; lastKnownFileType = archive.ar; path = libRNImageToPdf.a; sourceTree = "<group>"; };
		A7F6A0CF1C1FD9FC94D22DB8 /* Pods-OyeSpace-tvOSTests.release.xcconfig */ = {isa = PBXFileReference; includeInIndex = 1; lastKnownFileType = text.xcconfig; name = "Pods-OyeSpace-tvOSTests.release.xcconfig"; path = "Pods/Target Support Files/Pods-OyeSpace-tvOSTests/Pods-OyeSpace-tvOSTests.release.xcconfig"; sourceTree = "<group>"; };
		ABFFB196DC0E42B4BB763D18 /* libRNFirebase.a */ = {isa = PBXFileReference; explicitFileType = undefined; fileEncoding = 9; includeInIndex = 0; lastKnownFileType = archive.ar; path = libRNFirebase.a; sourceTree = "<group>"; };
		B7C2B4B7C4E54C8EB258ED03 /* HelveticaNeue Medium.ttf */ = {isa = PBXFileReference; explicitFileType = undefined; fileEncoding = 9; includeInIndex = 0; lastKnownFileType = unknown; name = "HelveticaNeue Medium.ttf"; path = "../fonts/HelveticaNeue Medium.ttf"; sourceTree = "<group>"; };
		C414C04D798746EBA1C72930 /* MaterialCommunityIcons.ttf */ = {isa = PBXFileReference; explicitFileType = undefined; fileEncoding = 9; includeInIndex = 0; lastKnownFileType = unknown; name = MaterialCommunityIcons.ttf; path = "../node_modules/react-native-vector-icons/Fonts/MaterialCommunityIcons.ttf"; sourceTree = "<group>"; };
		C5F442386F8645E7A7018261 /* EvilIcons.ttf */ = {isa = PBXFileReference; explicitFileType = undefined; fileEncoding = 9; includeInIndex = 0; lastKnownFileType = unknown; name = EvilIcons.ttf; path = "../node_modules/native-base/Fonts/EvilIcons.ttf"; sourceTree = "<group>"; };
		C81EE116B58A407B802BD1A7 /* Roboto.ttf */ = {isa = PBXFileReference; explicitFileType = undefined; fileEncoding = 9; includeInIndex = 0; lastKnownFileType = unknown; name = Roboto.ttf; path = "../node_modules/native-base/Fonts/Roboto.ttf"; sourceTree = "<group>"; };
		C90E39D82220250800E9D9F3 /* libPods-OyeSpace-tvOS.a */ = {isa = PBXFileReference; explicitFileType = archive.ar; path = "libPods-OyeSpace-tvOS.a"; sourceTree = BUILT_PRODUCTS_DIR; };
		C90E3A0B222029F300E9D9F3 /* libRNShare.a */ = {isa = PBXFileReference; explicitFileType = archive.ar; path = libRNShare.a; sourceTree = BUILT_PRODUCTS_DIR; };
		C90E3A0D222029F300E9D9F3 /* libRNViewShot.a */ = {isa = PBXFileReference; explicitFileType = archive.ar; path = libRNViewShot.a; sourceTree = BUILT_PRODUCTS_DIR; };
		CB7A8783201D4585B6F2B1D1 /* Foundation.ttf */ = {isa = PBXFileReference; explicitFileType = undefined; fileEncoding = 9; includeInIndex = 0; lastKnownFileType = unknown; name = Foundation.ttf; path = "../node_modules/native-base/Fonts/Foundation.ttf"; sourceTree = "<group>"; };
		CDF46F7A870F1EAA27BB110B /* Pods-OyeSpace.debug.xcconfig */ = {isa = PBXFileReference; includeInIndex = 1; lastKnownFileType = text.xcconfig; name = "Pods-OyeSpace.debug.xcconfig"; path = "Pods/Target Support Files/Pods-OyeSpace/Pods-OyeSpace.debug.xcconfig"; sourceTree = "<group>"; };
		CE307AFB5FBC417C86E62341 /* libRNFileViewer.a */ = {isa = PBXFileReference; explicitFileType = undefined; fileEncoding = 9; includeInIndex = 0; lastKnownFileType = archive.ar; path = libRNFileViewer.a; sourceTree = "<group>"; };
		D38559AC8C4E410B80C49269 /* Fontisto.ttf */ = {isa = PBXFileReference; explicitFileType = undefined; fileEncoding = 9; includeInIndex = 0; lastKnownFileType = unknown; name = Fontisto.ttf; path = "../node_modules/native-base/Fonts/Fontisto.ttf"; sourceTree = "<group>"; };
		D465E8C2E0234F4389F8685B /* AntDesign.ttf */ = {isa = PBXFileReference; explicitFileType = undefined; fileEncoding = 9; includeInIndex = 0; lastKnownFileType = unknown; name = AntDesign.ttf; path = "../node_modules/react-native-vector-icons/Fonts/AntDesign.ttf"; sourceTree = "<group>"; };
		DA03311D714E4B3487257C79 /* HelveticaNeueBd.ttf */ = {isa = PBXFileReference; explicitFileType = undefined; fileEncoding = 9; includeInIndex = 0; lastKnownFileType = unknown; name = HelveticaNeueBd.ttf; path = ../fonts/HelveticaNeueBd.ttf; sourceTree = "<group>"; };
		E01F59953BF941178E8C2AFC /* MaterialIcons.ttf */ = {isa = PBXFileReference; explicitFileType = undefined; fileEncoding = 9; includeInIndex = 0; lastKnownFileType = unknown; name = MaterialIcons.ttf; path = "../node_modules/native-base/Fonts/MaterialIcons.ttf"; sourceTree = "<group>"; };
		E3C61E8A44A1803A4D79F740 /* Pods-OyeSpace.release.xcconfig */ = {isa = PBXFileReference; includeInIndex = 1; lastKnownFileType = text.xcconfig; name = "Pods-OyeSpace.release.xcconfig"; path = "Pods/Target Support Files/Pods-OyeSpace/Pods-OyeSpace.release.xcconfig"; sourceTree = "<group>"; };
		E6B5BF6EA03642FBBF468897 /* Feather.ttf */ = {isa = PBXFileReference; explicitFileType = undefined; fileEncoding = 9; includeInIndex = 0; lastKnownFileType = unknown; name = Feather.ttf; path = "../node_modules/native-base/Fonts/Feather.ttf"; sourceTree = "<group>"; };
		E8BAB1885F524E67B6415E52 /* rubicon-icon-font.ttf */ = {isa = PBXFileReference; explicitFileType = undefined; fileEncoding = 9; includeInIndex = 0; lastKnownFileType = unknown; name = "rubicon-icon-font.ttf"; path = "../node_modules/native-base/Fonts/rubicon-icon-font.ttf"; sourceTree = "<group>"; };
		F0B2FCB7F1B84CCA869C108E /* HelveticaNeueMed.ttf */ = {isa = PBXFileReference; explicitFileType = undefined; fileEncoding = 9; includeInIndex = 0; lastKnownFileType = unknown; name = HelveticaNeueMed.ttf; path = ../fonts/HelveticaNeueMed.ttf; sourceTree = "<group>"; };
		F0B486FF7B9B46EE84A1B4BA /* libRazorpayCheckout.a */ = {isa = PBXFileReference; explicitFileType = undefined; fileEncoding = 9; includeInIndex = 0; lastKnownFileType = archive.ar; path = libRazorpayCheckout.a; sourceTree = "<group>"; };
		F29A1B3442204F989EB56B28 /* Fontisto.ttf */ = {isa = PBXFileReference; explicitFileType = undefined; fileEncoding = 9; includeInIndex = 0; lastKnownFileType = unknown; name = Fontisto.ttf; path = "../node_modules/react-native-vector-icons/Fonts/Fontisto.ttf"; sourceTree = "<group>"; };
		F458CCDED1A544129FAC5DBC /* Octicons.ttf */ = {isa = PBXFileReference; explicitFileType = undefined; fileEncoding = 9; includeInIndex = 0; lastKnownFileType = unknown; name = Octicons.ttf; path = "../node_modules/react-native-vector-icons/Fonts/Octicons.ttf"; sourceTree = "<group>"; };
		FCE1202D81A94C659368BD94 /* Ionicons.ttf */ = {isa = PBXFileReference; explicitFileType = undefined; fileEncoding = 9; includeInIndex = 0; lastKnownFileType = unknown; name = Ionicons.ttf; path = "../node_modules/native-base/Fonts/Ionicons.ttf"; sourceTree = "<group>"; };
		FD7357D0232914AB005D887E /* icomoon.ttf */ = {isa = PBXFileReference; lastKnownFileType = file; path = icomoon.ttf; sourceTree = "<group>"; };
		FD8A832B22353D4E00D04468 /* libyoga.a */ = {isa = PBXFileReference; explicitFileType = archive.ar; path = libyoga.a; sourceTree = BUILT_PRODUCTS_DIR; };
		FD8A836022353E8700D04468 /* libyoga.a */ = {isa = PBXFileReference; explicitFileType = archive.ar; path = libyoga.a; sourceTree = BUILT_PRODUCTS_DIR; };
		FD9A75D72339146D000680E6 /* libRNAudioRecorderPlayer.a */ = {isa = PBXFileReference; explicitFileType = archive.ar; path = libRNAudioRecorderPlayer.a; sourceTree = BUILT_PRODUCTS_DIR; };
		FDA791AB233B6F630034094B /* sound_1.mp3 */ = {isa = PBXFileReference; lastKnownFileType = audio.mp3; name = sound_1.mp3; path = ../../../sound_1.mp3; sourceTree = "<group>"; };
		FDBD6B96222AF41B00D8C8DA /* JavaScriptCore.framework */ = {isa = PBXFileReference; lastKnownFileType = wrapper.framework; name = JavaScriptCore.framework; path = Platforms/iPhoneOS.platform/Developer/SDKs/iPhoneOS.sdk/System/Library/Frameworks/JavaScriptCore.framework; sourceTree = DEVELOPER_DIR; };
		FDDD9F7D233B36C700F1EBCE /* libRNAudioRecorderPlayer.a */ = {isa = PBXFileReference; explicitFileType = archive.ar; path = libRNAudioRecorderPlayer.a; sourceTree = BUILT_PRODUCTS_DIR; };
/* End PBXFileReference section */

/* Begin PBXFrameworksBuildPhase section */
		13B07F8C1A680F5B00A75B9A /* Frameworks */ = {
			isa = PBXFrameworksBuildPhase;
			buildActionMask = 2147483647;
			files = (
				9FCBB88822FB068F00C2E0AF /* MessageUI.framework in Frameworks */,
				9FCBB88622FB068200C2E0AF /* Social.framework in Frameworks */,
				FDBD6B97222AF41B00D8C8DA /* JavaScriptCore.framework in Frameworks */,
				A1E6D76021DF2331006FE22F /* libsqlite3.0.tbd in Frameworks */,
				A1E6D75E21DF2328006FE22F /* libsqlite3.tbd in Frameworks */,
				9F06026C22C4FF5200DA17C8 /* MapKit.framework in Frameworks */,
				F0D76AD689F1208DBD46DFD1 /* libPods-OyeSpace.a in Frameworks */,
				1B1CFF31C61B4FBDB993A43E /* libRNHTMLtoPDF.a in Frameworks */,
				9A46C6FB585F49E092F7DEA0 /* RNHTMLtoPDFTests.xctest in Frameworks */,
				0BDB4F93EFAC4269A833DD35 /* libRNImageToPdf.a in Frameworks */,
			);
			runOnlyForDeploymentPostprocessing = 0;
		};
/* End PBXFrameworksBuildPhase section */

/* Begin PBXGroup section */
		00E356EF1AD99517003FC87E /* OyeSpaceTests */ = {
			isa = PBXGroup;
			children = (
				00E356F21AD99517003FC87E /* OyeSpaceTests.m */,
				00E356F01AD99517003FC87E /* Supporting Files */,
			);
			path = OyeSpaceTests;
			sourceTree = "<group>";
		};
		00E356F01AD99517003FC87E /* Supporting Files */ = {
			isa = PBXGroup;
			children = (
				00E356F11AD99517003FC87E /* Info.plist */,
			);
			name = "Supporting Files";
			sourceTree = "<group>";
		};
		04C5C01DA5534580BF6D2BE2 /* Resources */ = {
			isa = PBXGroup;
			children = (
				D465E8C2E0234F4389F8685B /* AntDesign.ttf */,
				861BE436359B40A5B710E1BB /* Entypo.ttf */,
				15D244A9D5F44951A3FE136F /* EvilIcons.ttf */,
				94DEC93270D64A4FADE3CBA7 /* Feather.ttf */,
				8AD047C5D38B43898404DC1A /* FontAwesome.ttf */,
				3AD9646F2057470C85588565 /* FontAwesome5_Brands.ttf */,
				441D6DC191CD45E0BF4AE4F9 /* FontAwesome5_Regular.ttf */,
				5440D5D5A452436D90C91F55 /* FontAwesome5_Solid.ttf */,
				61DE9A3CCE4D45248472EBEB /* Foundation.ttf */,
				2328DDF9544647CC922A4556 /* Ionicons.ttf */,
				C414C04D798746EBA1C72930 /* MaterialCommunityIcons.ttf */,
				FD7357D0232914AB005D887E /* icomoon.ttf */,
				5D8FED1A448A4B69B4222891 /* MaterialIcons.ttf */,
				F458CCDED1A544129FAC5DBC /* Octicons.ttf */,
				426DAAB08359498F908E82FD /* SimpleLineIcons.ttf */,
				770012F8ADA04B0C8F48E788 /* Zocial.ttf */,
				A47DD476FB47402E9FEBD175 /* AntDesign.ttf */,
				22FE5082DA494D888B11412A /* Entypo.ttf */,
				C5F442386F8645E7A7018261 /* EvilIcons.ttf */,
				E6B5BF6EA03642FBBF468897 /* Feather.ttf */,
				A66E53DA04924BBD9642759B /* FontAwesome.ttf */,
				3029C82C989345A69908B653 /* FontAwesome5_Brands.ttf */,
				102944E29C634BF6AAFA7678 /* FontAwesome5_Regular.ttf */,
				42ADC5C735BF4620B8B82E63 /* FontAwesome5_Solid.ttf */,
				CB7A8783201D4585B6F2B1D1 /* Foundation.ttf */,
				FCE1202D81A94C659368BD94 /* Ionicons.ttf */,
				4A97874886154EAD8570A5A1 /* MaterialCommunityIcons.ttf */,
				E01F59953BF941178E8C2AFC /* MaterialIcons.ttf */,
				763718FA845F4E2882E3667A /* Octicons.ttf */,
				4271DDB0E5644656A2D4E22A /* Roboto_medium.ttf */,
				C81EE116B58A407B802BD1A7 /* Roboto.ttf */,
				E8BAB1885F524E67B6415E52 /* rubicon-icon-font.ttf */,
				507D1399AF8540F6A8304349 /* SimpleLineIcons.ttf */,
				962DB82BDD1249AB8E425B06 /* Zocial.ttf */,
				227E4A1F1A5B44F68D79F8D0 /* Helvetica Neu Bold.ttf */,
				75C9C0A45548447EAD86EAB6 /* HelveticaNeue BlackCond.ttf */,
				71E2D925009844C1BC539662 /* HelveticaNeue Light.ttf */,
				B7C2B4B7C4E54C8EB258ED03 /* HelveticaNeue Medium.ttf */,
				253DDAA8919E4C8FA81CB155 /* HelveticaNeue Thin.ttf */,
				33D3B05148DA40A9A06D53D5 /* HelveticaNeue.ttf */,
				DA03311D714E4B3487257C79 /* HelveticaNeueBd.ttf */,
				598D334FA25C41B08E24DE69 /* HelveticaNeueHv.ttf */,
				2889CF3CB5DC45A686BC8893 /* HelveticaNeueIt.ttf */,
				00B61C2974B040ECA252A754 /* HelveticaNeueLt.ttf */,
				F0B2FCB7F1B84CCA869C108E /* HelveticaNeueMed.ttf */,
				F29A1B3442204F989EB56B28 /* Fontisto.ttf */,
				530C876369ED4A44BFC69F91 /* icomoon.ttf */,
				D38559AC8C4E410B80C49269 /* Fontisto.ttf */,
			);
			name = Resources;
			sourceTree = "<group>";
		};
		13B07FAE1A68108700A75B9A /* OyeSpace */ = {
			isa = PBXGroup;
			children = (
				049386FC225E00580033CF63 /* OyeSpace.entitlements */,
				008F07F21AC5B25A0029DE68 /* main.jsbundle */,
				13B07FAF1A68108700A75B9A /* AppDelegate.h */,
				049386FA225DFA370033CF63 /* GoogleService-Info.plist */,
				13B07FB01A68108700A75B9A /* AppDelegate.m */,
				13B07FB51A68108700A75B9A /* Images.xcassets */,
				13B07FB61A68108700A75B9A /* Info.plist */,
				13B07FB11A68108700A75B9A /* LaunchScreen.xib */,
				13B07FB71A68108700A75B9A /* main.m */,
			);
			name = OyeSpace;
			sourceTree = "<group>";
		};
		2D16E6871FA4F8E400B85C8A /* Frameworks */ = {
			isa = PBXGroup;
			children = (
				FDDD9F7D233B36C700F1EBCE /* libRNAudioRecorderPlayer.a */,
				FD9A75D72339146D000680E6 /* libRNAudioRecorderPlayer.a */,
				9FCBB88722FB068F00C2E0AF /* MessageUI.framework */,
				9FCBB88522FB068100C2E0AF /* Social.framework */,
				9F06026B22C4FF5200DA17C8 /* MapKit.framework */,
				FD8A836022353E8700D04468 /* libyoga.a */,
				FD8A832B22353D4E00D04468 /* libyoga.a */,
				FDBD6B96222AF41B00D8C8DA /* JavaScriptCore.framework */,
				C90E3A0B222029F300E9D9F3 /* libRNShare.a */,
				C90E3A0D222029F300E9D9F3 /* libRNViewShot.a */,
				C90E39D82220250800E9D9F3 /* libPods-OyeSpace-tvOS.a */,
				A1E6D75F21DF2331006FE22F /* libsqlite3.0.tbd */,
				A1E6D75D21DF2328006FE22F /* libsqlite3.tbd */,
				2D16E6891FA4F8E400B85C8A /* libReact.a */,
				49D901667F8B689A62B2BB4C /* libPods-OyeSpace.a */,
				3B8C4CD23A5987167C5DFB4D /* libPods-OyeSpace-tvOS.a */,
				92FFB1D38E4C7094907CF41B /* libPods-OyeSpace-tvOSTests.a */,
				84168EE97B134A294AF8665F /* libPods-OyeSpaceTests.a */,
			);
			name = Frameworks;
			sourceTree = "<group>";
		};
		5AB2854691C8EF24BB736741 /* Pods */ = {
			isa = PBXGroup;
			children = (
				CDF46F7A870F1EAA27BB110B /* Pods-OyeSpace.debug.xcconfig */,
				E3C61E8A44A1803A4D79F740 /* Pods-OyeSpace.release.xcconfig */,
				7C71D40147BB9431F46327DD /* Pods-OyeSpace-tvOS.debug.xcconfig */,
				5FF420585C58EBDA69412D06 /* Pods-OyeSpace-tvOS.release.xcconfig */,
				7A4A2569E0D590993177D693 /* Pods-OyeSpace-tvOSTests.debug.xcconfig */,
				A7F6A0CF1C1FD9FC94D22DB8 /* Pods-OyeSpace-tvOSTests.release.xcconfig */,
				A2BC530A3422ADCC528A3FCB /* Pods-OyeSpaceTests.debug.xcconfig */,
				9829F0B4AFED38BA79B920FC /* Pods-OyeSpaceTests.release.xcconfig */,
			);
			name = Pods;
			sourceTree = "<group>";
		};
		832341AE1AAA6A7D00B99B32 /* Libraries */ = {
			isa = PBXGroup;
			children = (
				933D329D240FD61F00924188 /* RNHTMLtoPDF.xcodeproj */,
			);
			name = Libraries;
			sourceTree = "<group>";
		};
		83CBB9F61A601CBA00E9B192 = {
			isa = PBXGroup;
			children = (
				9F69818723B1DDDA009D1E50 /* OyeSpace-Bridging-Header.h */,
				9F69818523B1DC25009D1E50 /* oye_msg_tone.mp3 */,
				9F69818323B1DC11009D1E50 /* OyeSoace.swift */,
				9FB793922355CA3700D8145E /* sound_1.mp3 */,
				13B07FAE1A68108700A75B9A /* OyeSpace */,
				832341AE1AAA6A7D00B99B32 /* Libraries */,
				00E356EF1AD99517003FC87E /* OyeSpaceTests */,
				83CBBA001A601CBA00E9B192 /* Products */,
				2D16E6871FA4F8E400B85C8A /* Frameworks */,
				5AB2854691C8EF24BB736741 /* Pods */,
				A1E6D78721E0DCB1006FE22F /* Recovered References */,
				04C5C01DA5534580BF6D2BE2 /* Resources */,
			);
			indentWidth = 2;
			sourceTree = "<group>";
			tabWidth = 2;
			usesTabs = 0;
		};
		83CBBA001A601CBA00E9B192 /* Products */ = {
			isa = PBXGroup;
			children = (
				13B07F961A680F5B00A75B9A /* OyeSpace.app */,
			);
			name = Products;
			sourceTree = "<group>";
		};
		933D329E240FD61F00924188 /* Products */ = {
			isa = PBXGroup;
			children = (
				933D32A2240FD61F00924188 /* libRNHTMLtoPDF.a */,
			);
			name = Products;
			sourceTree = "<group>";
		};
		A1E6D78721E0DCB1006FE22F /* Recovered References */ = {
			isa = PBXGroup;
			children = (
				CE307AFB5FBC417C86E62341 /* libRNFileViewer.a */,
				79BDBBE7B8E64EF0968D7F2F /* libRNExitApp.a */,
				7DA53C5321BB40CCA9D694E0 /* libRNHTMLtoPDF.a */,
				4B9332DBD6EE4F83BBCE6AFB /* RNHTMLtoPDFTests.xctest */,
				ABFFB196DC0E42B4BB763D18 /* libRNFirebase.a */,
				F0B486FF7B9B46EE84A1B4BA /* libRazorpayCheckout.a */,
				042936001371409F9D67B5D8 /* libreactnativeuilib.a */,
				92A6A3934A9C4F1B9F512202 /* libRCTRestart.a */,
				FDA791AB233B6F630034094B /* sound_1.mp3 */,
				A7832287E1BF4467918A6AC3 /* libRNImageToPdf.a */,
				26BC40904E4A4FEAB7D5712E /* libRNLocationSatellites.a */,
				1E43B78223A8B7550034BB1C /* oye_msg_tone.mp3 */,
			);
			name = "Recovered References";
			sourceTree = "<group>";
		};
/* End PBXGroup section */

/* Begin PBXNativeTarget section */
		13B07F861A680F5B00A75B9A /* OyeSpace */ = {
			isa = PBXNativeTarget;
			buildConfigurationList = 13B07F931A680F5B00A75B9A /* Build configuration list for PBXNativeTarget "OyeSpace" */;
			buildPhases = (
				02C99B08866EE44FB9BBB9AF /* [CP] Check Pods Manifest.lock */,
				13B07F871A680F5B00A75B9A /* Sources */,
				13B07F8C1A680F5B00A75B9A /* Frameworks */,
				13B07F8E1A680F5B00A75B9A /* Resources */,
				00DD1BFF1BD5951E006B06BC /* Bundle React Native code and images */,
				462FE3A14B8BC97AECF42B37 /* [CP] Copy Pods Resources */,
				FDBD6BA1222B078900D8C8DA /* ShellScript */,
				FD8A82B82235298900D04468 /* Embed Frameworks */,
				FDEFDF7F22420CC6005891D2 /* ShellScript */,
			);
			buildRules = (
			);
			dependencies = (
			);
			name = OyeSpace;
			productName = "Hello World";
			productReference = 13B07F961A680F5B00A75B9A /* OyeSpace.app */;
			productType = "com.apple.product-type.application";
		};
/* End PBXNativeTarget section */

/* Begin PBXProject section */
		83CBB9F71A601CBA00E9B192 /* Project object */ = {
			isa = PBXProject;
			attributes = {
				LastUpgradeCheck = 940;
				ORGANIZATIONNAME = Facebook;
				TargetAttributes = {
					13B07F861A680F5B00A75B9A = {
						DevelopmentTeam = K5NJYU4T6K;
						LastSwiftMigration = 1110;
						ProvisioningStyle = Manual;
						SystemCapabilities = {
							com.apple.BackgroundModes = {
								enabled = 1;
							};
							com.apple.Keychain = {
								enabled = 1;
							};
							com.apple.Maps.iOS = {
								enabled = 1;
							};
							com.apple.Push = {
								enabled = 1;
							};
							com.apple.iCloud = {
								enabled = 1;
							};
						};
					};
				};
			};
			buildConfigurationList = 83CBB9FA1A601CBA00E9B192 /* Build configuration list for PBXProject "OyeSpace" */;
			compatibilityVersion = "Xcode 3.2";
			developmentRegion = English;
			hasScannedForEncodings = 0;
			knownRegions = (
				English,
				en,
				Base,
			);
			mainGroup = 83CBB9F61A601CBA00E9B192;
			productRefGroup = 83CBBA001A601CBA00E9B192 /* Products */;
			projectDirPath = "";
			projectReferences = (
				{
					ProductGroup = 933D329E240FD61F00924188 /* Products */;
					ProjectRef = 933D329D240FD61F00924188 /* RNHTMLtoPDF.xcodeproj */;
				},
			);
			projectRoot = "";
			targets = (
				13B07F861A680F5B00A75B9A /* OyeSpace */,
			);
		};
/* End PBXProject section */

/* Begin PBXReferenceProxy section */
		933D32A2240FD61F00924188 /* libRNHTMLtoPDF.a */ = {
			isa = PBXReferenceProxy;
			fileType = archive.ar;
			path = libRNHTMLtoPDF.a;
			remoteRef = 933D32A1240FD61F00924188 /* PBXContainerItemProxy */;
			sourceTree = BUILT_PRODUCTS_DIR;
		};
/* End PBXReferenceProxy section */

/* Begin PBXResourcesBuildPhase section */
		13B07F8E1A680F5B00A75B9A /* Resources */ = {
			isa = PBXResourcesBuildPhase;
			buildActionMask = 2147483647;
			files = (
				9FB793932355CA3700D8145E /* sound_1.mp3 in Resources */,
				FD735809232914EC005D887E /* icomoon.ttf in Resources */,
				13B07FBF1A68108700A75B9A /* Images.xcassets in Resources */,
				13B07FBD1A68108700A75B9A /* LaunchScreen.xib in Resources */,
				179FDCDC0E1645AE8B76B3F3 /* AntDesign.ttf in Resources */,
				0EB496CCBD65402CB6101409 /* Entypo.ttf in Resources */,
				C5A6861F06354B359662DEF7 /* EvilIcons.ttf in Resources */,
				B9E1905B5D7E4ED1BA9765E5 /* Feather.ttf in Resources */,
				5972C4279F4F4ECE99D5C64E /* FontAwesome.ttf in Resources */,
				38B525F3545E455D8964C5F2 /* FontAwesome5_Brands.ttf in Resources */,
				930F1F01B8FD42468E78DF39 /* FontAwesome5_Regular.ttf in Resources */,
				A6A4F891D36D44499B5E3AA4 /* FontAwesome5_Solid.ttf in Resources */,
				71616948936E4306B3D6DBCC /* Foundation.ttf in Resources */,
				1E43B78323A8B7550034BB1C /* oye_msg_tone.mp3 in Resources */,
				9F69818623B1DC25009D1E50 /* oye_msg_tone.mp3 in Resources */,
				049386FB225DFA370033CF63 /* GoogleService-Info.plist in Resources */,
				F12C89A5946E4D56B497B889 /* Ionicons.ttf in Resources */,
				DDDE370D61BA41EE8E7C28AA /* MaterialCommunityIcons.ttf in Resources */,
				967B8AB0A6A94F16A283D204 /* MaterialIcons.ttf in Resources */,
				372953B25D94459886D183E0 /* Octicons.ttf in Resources */,
				7303754ED918449D96A0FE6E /* SimpleLineIcons.ttf in Resources */,
				16D3D1D203884931A6E621BF /* Zocial.ttf in Resources */,
				4A9667DD066849C885ED7102 /* AntDesign.ttf in Resources */,
				F6AC63031EDA4ADEACA79D56 /* Entypo.ttf in Resources */,
				DF3551DC4E6C4FB2A81A6A87 /* EvilIcons.ttf in Resources */,
				3C692752CF254C64975B8B32 /* Feather.ttf in Resources */,
				4B5CBDD6575A4C33B5260EC0 /* FontAwesome.ttf in Resources */,
				50DC1D65528F4723BD0B808E /* FontAwesome5_Brands.ttf in Resources */,
				F86D2FF2019D49F593E73243 /* FontAwesome5_Regular.ttf in Resources */,
				901C36D877D94F1C89E7C19B /* FontAwesome5_Solid.ttf in Resources */,
				E19FC83F61CC45458AAD835B /* Foundation.ttf in Resources */,
				33204605FC1E4E1CA4E6CA7B /* Ionicons.ttf in Resources */,
				A044B858230D4DA98A645E50 /* MaterialCommunityIcons.ttf in Resources */,
				4FAE969389E34CD9967078AD /* MaterialIcons.ttf in Resources */,
				CF99B4A4C7CC46CCAD6383FB /* Octicons.ttf in Resources */,
				45F2C09FA9C745C3AB99AF3B /* Roboto_medium.ttf in Resources */,
				25D7E24572F94786B8FFC4C6 /* Roboto.ttf in Resources */,
				1EB458D80BAA45129F1275C1 /* rubicon-icon-font.ttf in Resources */,
				67BCC157B1E14945AFCE9B93 /* SimpleLineIcons.ttf in Resources */,
				380AF2CE6CA244499F710B30 /* Zocial.ttf in Resources */,
				9ACD5F978E8A4EDA8684B0EC /* Helvetica Neu Bold.ttf in Resources */,
				E0DD5A639E34485C8EDFA30C /* HelveticaNeue BlackCond.ttf in Resources */,
				77686AE00B724E57B8CEEA67 /* HelveticaNeue Light.ttf in Resources */,
				44512FD9D4104B779E62E424 /* HelveticaNeue Medium.ttf in Resources */,
				BC041C3F2D14464AA7111EC4 /* HelveticaNeue Thin.ttf in Resources */,
				B4636BB2FBD24E9BA6FE9A13 /* HelveticaNeue.ttf in Resources */,
				2451D65A86BF457FA86F22EE /* HelveticaNeueBd.ttf in Resources */,
				240306F65F3D4FAD950C1D2A /* HelveticaNeueHv.ttf in Resources */,
				D0CC7FD192F94D04900DFA24 /* HelveticaNeueIt.ttf in Resources */,
				58775470DA684F92AE55A9AD /* HelveticaNeueLt.ttf in Resources */,
				EF564E8C5B354C6AA75BA602 /* HelveticaNeueMed.ttf in Resources */,
				3695FCCD4F73492FBF5E2A69 /* Fontisto.ttf in Resources */,
				431491A4BDBF4091B54D471D /* icomoon.ttf in Resources */,
				88305F283D3446768C4E5EEB /* Fontisto.ttf in Resources */,
			);
			runOnlyForDeploymentPostprocessing = 0;
		};
/* End PBXResourcesBuildPhase section */

/* Begin PBXShellScriptBuildPhase section */
		00DD1BFF1BD5951E006B06BC /* Bundle React Native code and images */ = {
			isa = PBXShellScriptBuildPhase;
			buildActionMask = 2147483647;
			files = (
			);
			inputPaths = (
			);
			name = "Bundle React Native code and images";
			outputPaths = (
			);
			runOnlyForDeploymentPostprocessing = 0;
			shellPath = /bin/sh;
			shellScript = "export NODE_BINARY=node\n../node_modules/react-native/scripts/react-native-xcode.sh\n";
		};
		02C99B08866EE44FB9BBB9AF /* [CP] Check Pods Manifest.lock */ = {
			isa = PBXShellScriptBuildPhase;
			buildActionMask = 2147483647;
			files = (
			);
			inputPaths = (
				"${PODS_PODFILE_DIR_PATH}/Podfile.lock",
				"${PODS_ROOT}/Manifest.lock",
			);
			name = "[CP] Check Pods Manifest.lock";
			outputPaths = (
				"$(DERIVED_FILE_DIR)/Pods-OyeSpace-checkManifestLockResult.txt",
			);
			runOnlyForDeploymentPostprocessing = 0;
			shellPath = /bin/sh;
			shellScript = "diff \"${PODS_PODFILE_DIR_PATH}/Podfile.lock\" \"${PODS_ROOT}/Manifest.lock\" > /dev/null\nif [ $? != 0 ] ; then\n    # print error to STDERR\n    echo \"error: The sandbox is not in sync with the Podfile.lock. Run 'pod install' or update your CocoaPods installation.\" >&2\n    exit 1\nfi\n# This output is used by Xcode 'outputs' to avoid re-running this script phase.\necho \"SUCCESS\" > \"${SCRIPT_OUTPUT_FILE_0}\"\n";
			showEnvVarsInLog = 0;
		};
		462FE3A14B8BC97AECF42B37 /* [CP] Copy Pods Resources */ = {
			isa = PBXShellScriptBuildPhase;
			buildActionMask = 2147483647;
			files = (
			);
			inputPaths = (
				"${PODS_ROOT}/Target Support Files/Pods-OyeSpace/Pods-OyeSpace-resources.sh",
				"${PODS_ROOT}/GoogleMaps/Maps/Frameworks/GoogleMaps.framework/Resources/GoogleMaps.bundle",
				"${PODS_ROOT}/../../node_modules/react-native-vector-icons/Fonts/AntDesign.ttf",
				"${PODS_ROOT}/../../node_modules/react-native-vector-icons/Fonts/Entypo.ttf",
				"${PODS_ROOT}/../../node_modules/react-native-vector-icons/Fonts/EvilIcons.ttf",
				"${PODS_ROOT}/../../node_modules/react-native-vector-icons/Fonts/Feather.ttf",
				"${PODS_ROOT}/../../node_modules/react-native-vector-icons/Fonts/FontAwesome.ttf",
				"${PODS_ROOT}/../../node_modules/react-native-vector-icons/Fonts/FontAwesome5_Brands.ttf",
				"${PODS_ROOT}/../../node_modules/react-native-vector-icons/Fonts/FontAwesome5_Regular.ttf",
				"${PODS_ROOT}/../../node_modules/react-native-vector-icons/Fonts/FontAwesome5_Solid.ttf",
				"${PODS_ROOT}/../../node_modules/react-native-vector-icons/Fonts/Fontisto.ttf",
				"${PODS_ROOT}/../../node_modules/react-native-vector-icons/Fonts/Foundation.ttf",
				"${PODS_ROOT}/../../node_modules/react-native-vector-icons/Fonts/Ionicons.ttf",
				"${PODS_ROOT}/../../node_modules/react-native-vector-icons/Fonts/MaterialCommunityIcons.ttf",
				"${PODS_ROOT}/../../node_modules/react-native-vector-icons/Fonts/MaterialIcons.ttf",
				"${PODS_ROOT}/../../node_modules/react-native-vector-icons/Fonts/Octicons.ttf",
				"${PODS_ROOT}/../../node_modules/react-native-vector-icons/Fonts/SimpleLineIcons.ttf",
				"${PODS_ROOT}/../../node_modules/react-native-vector-icons/Fonts/Zocial.ttf",
			);
			name = "[CP] Copy Pods Resources";
			outputPaths = (
				"${TARGET_BUILD_DIR}/${UNLOCALIZED_RESOURCES_FOLDER_PATH}/GoogleMaps.bundle",
				"${TARGET_BUILD_DIR}/${UNLOCALIZED_RESOURCES_FOLDER_PATH}/AntDesign.ttf",
				"${TARGET_BUILD_DIR}/${UNLOCALIZED_RESOURCES_FOLDER_PATH}/Entypo.ttf",
				"${TARGET_BUILD_DIR}/${UNLOCALIZED_RESOURCES_FOLDER_PATH}/EvilIcons.ttf",
				"${TARGET_BUILD_DIR}/${UNLOCALIZED_RESOURCES_FOLDER_PATH}/Feather.ttf",
				"${TARGET_BUILD_DIR}/${UNLOCALIZED_RESOURCES_FOLDER_PATH}/FontAwesome.ttf",
				"${TARGET_BUILD_DIR}/${UNLOCALIZED_RESOURCES_FOLDER_PATH}/FontAwesome5_Brands.ttf",
				"${TARGET_BUILD_DIR}/${UNLOCALIZED_RESOURCES_FOLDER_PATH}/FontAwesome5_Regular.ttf",
				"${TARGET_BUILD_DIR}/${UNLOCALIZED_RESOURCES_FOLDER_PATH}/FontAwesome5_Solid.ttf",
				"${TARGET_BUILD_DIR}/${UNLOCALIZED_RESOURCES_FOLDER_PATH}/Fontisto.ttf",
				"${TARGET_BUILD_DIR}/${UNLOCALIZED_RESOURCES_FOLDER_PATH}/Foundation.ttf",
				"${TARGET_BUILD_DIR}/${UNLOCALIZED_RESOURCES_FOLDER_PATH}/Ionicons.ttf",
				"${TARGET_BUILD_DIR}/${UNLOCALIZED_RESOURCES_FOLDER_PATH}/MaterialCommunityIcons.ttf",
				"${TARGET_BUILD_DIR}/${UNLOCALIZED_RESOURCES_FOLDER_PATH}/MaterialIcons.ttf",
				"${TARGET_BUILD_DIR}/${UNLOCALIZED_RESOURCES_FOLDER_PATH}/Octicons.ttf",
				"${TARGET_BUILD_DIR}/${UNLOCALIZED_RESOURCES_FOLDER_PATH}/SimpleLineIcons.ttf",
				"${TARGET_BUILD_DIR}/${UNLOCALIZED_RESOURCES_FOLDER_PATH}/Zocial.ttf",
			);
			runOnlyForDeploymentPostprocessing = 0;
			shellPath = /bin/sh;
			shellScript = "\"${PODS_ROOT}/Target Support Files/Pods-OyeSpace/Pods-OyeSpace-resources.sh\"\n";
			showEnvVarsInLog = 0;
		};
		FDBD6BA1222B078900D8C8DA /* ShellScript */ = {
			isa = PBXShellScriptBuildPhase;
			buildActionMask = 2147483647;
			files = (
			);
			inputPaths = (
			);
			outputPaths = (
			);
			runOnlyForDeploymentPostprocessing = 0;
			shellPath = /bin/sh;
			shellScript = "# Type a script or drag a script file from your workspace to insert its path.\n";
		};
		FDEFDF7F22420CC6005891D2 /* ShellScript */ = {
			isa = PBXShellScriptBuildPhase;
			buildActionMask = 2147483647;
			files = (
			);
			inputPaths = (
				"$(BUILT_PRODUCTS_DIR)/$(INFOPLIST_PATH)",
			);
			outputPaths = (
			);
			runOnlyForDeploymentPostprocessing = 0;
			shellPath = /bin/sh;
			shellScript = "# Type a script or drag a script file from your workspace to insert its path.\n\"${PODS_ROOT}/Fabric/run\" 71ecc6e51aa1c6a10438249055c5140043157bc1 ebda6747cf069f609dac410847669a08801acbc487413190723297736f09c8e1\n";
		};
/* End PBXShellScriptBuildPhase section */

/* Begin PBXSourcesBuildPhase section */
		13B07F871A680F5B00A75B9A /* Sources */ = {
			isa = PBXSourcesBuildPhase;
			buildActionMask = 2147483647;
			files = (
				9F69818423B1DC11009D1E50 /* OyeSoace.swift in Sources */,
				13B07FBC1A68108700A75B9A /* AppDelegate.m in Sources */,
				13B07FC11A68108700A75B9A /* main.m in Sources */,
			);
			runOnlyForDeploymentPostprocessing = 0;
		};
/* End PBXSourcesBuildPhase section */

/* Begin PBXVariantGroup section */
		13B07FB11A68108700A75B9A /* LaunchScreen.xib */ = {
			isa = PBXVariantGroup;
			children = (
				13B07FB21A68108700A75B9A /* Base */,
			);
			name = LaunchScreen.xib;
			path = OyeSpace;
			sourceTree = "<group>";
		};
/* End PBXVariantGroup section */

/* Begin XCBuildConfiguration section */
		13B07F941A680F5B00A75B9A /* Debug */ = {
			isa = XCBuildConfiguration;
			baseConfigurationReference = CDF46F7A870F1EAA27BB110B /* Pods-OyeSpace.debug.xcconfig */;
			buildSettings = {
				ALWAYS_EMBED_SWIFT_STANDARD_LIBRARIES = "$(inherited)";
				ASSETCATALOG_COMPILER_APPICON_NAME = AppIcon;
				CLANG_ENABLE_MODULES = YES;
				CODE_SIGN_ENTITLEMENTS = OyeSpace/OyeSpace.entitlements;
				CODE_SIGN_IDENTITY = "iPhone Developer";
				CODE_SIGN_STYLE = Manual;
				CURRENT_PROJECT_VERSION = 1;
				DEAD_CODE_STRIPPING = NO;
				DEVELOPMENT_TEAM = K5NJYU4T6K;
				ENABLE_BITCODE = NO;
				FRAMEWORK_SEARCH_PATHS = (
					"$(inherited)",
					"$(PROJECT_DIR)",
				);
				HEADER_SEARCH_PATHS = (
					"$(inherited)",
					"$(SRCROOT)/../node_modules/react-native-file-viewer/ios",
					"$(SRCROOT)/../node_modules/react-native/Libraries/Image",
					"$(SRCROOT)/../node_modules/react-native-html-to-pdf/ios/RNHTMLtoPDF/**",
					"$(SRCROOT)/../node_modules/react-native-firebase/ios/RNFirebase/**",
					"$(SRCROOT)/../node_modules/react-native-firebase/ios/RNFirebase/**",
					"$(SRCROOT)/../node_modules/react-native-razorpay/ios/**",
					"$(SRCROOT)/../node_modules/react-native-ui-lib/lib/ios/reactnativeuilib/**",
					"$(SRCROOT)/../node_modules/react-native-razorpay/ios/**",
					"$(SRCROOT)/../node_modules/react-native-restart/ios/RCTRestart",
					"$(SRCROOT)/../node_modules/react-native-image-to-pdf/ios",
					"$(SRCROOT)/../node_modules/react-native-location-satellites/ios/**",
				);
				INFOPLIST_FILE = OyeSpace/Info.plist;
				IPHONEOS_DEPLOYMENT_TARGET = 9.0;
				LD_RUNPATH_SEARCH_PATHS = "$(inherited) @executable_path/Frameworks";
				LIBRARY_SEARCH_PATHS = (
					"$(inherited)",
					"$(PROJECT_DIR)",
					"\"$(SRCROOT)/OyeSpace\"",
					"\"$(SRCROOT)/OyeSpace\"",
					"\"$(SRCROOT)/OyeSpace\"",
				);
				MARKETING_VERSION = 10.23;
				OTHER_LDFLAGS = (
					"$(inherited)",
					"-ObjC",
					"-lc++",
				);
				PRODUCT_BUNDLE_IDENTIFIER = com.oyespace.oyesafe;
				PRODUCT_NAME = OyeSpace;
				PROVISIONING_PROFILE_SPECIFIER = Sarthak_mac_oyesociety_dev;
				SWIFT_OBJC_BRIDGING_HEADER = "OyeSpace-Bridging-Header.h";
				SWIFT_OPTIMIZATION_LEVEL = "-Onone";
				SWIFT_VERSION = 4.0;
				VERSIONING_SYSTEM = "apple-generic";
			};
			name = Debug;
		};
		13B07F951A680F5B00A75B9A /* Release */ = {
			isa = XCBuildConfiguration;
			baseConfigurationReference = E3C61E8A44A1803A4D79F740 /* Pods-OyeSpace.release.xcconfig */;
			buildSettings = {
				ALWAYS_EMBED_SWIFT_STANDARD_LIBRARIES = "$(inherited)";
				ASSETCATALOG_COMPILER_APPICON_NAME = AppIcon;
				CLANG_ENABLE_MODULES = YES;
				CODE_SIGN_ENTITLEMENTS = OyeSpace/OyeSpace.entitlements;
				CODE_SIGN_IDENTITY = "iPhone Developer";
				CODE_SIGN_STYLE = Manual;
				CURRENT_PROJECT_VERSION = 1;
				DEVELOPMENT_TEAM = K5NJYU4T6K;
				ENABLE_BITCODE = NO;
				FRAMEWORK_SEARCH_PATHS = (
					"$(inherited)",
					"$(PROJECT_DIR)",
				);
				HEADER_SEARCH_PATHS = (
					"$(inherited)",
					"$(SRCROOT)/../node_modules/react-native-file-viewer/ios",
					"$(SRCROOT)/../node_modules/react-native/Libraries/Image",
					"$(SRCROOT)/../node_modules/react-native-html-to-pdf/ios/RNHTMLtoPDF/**",
					"$(SRCROOT)/../node_modules/react-native-firebase/ios/RNFirebase/**",
					"$(SRCROOT)/../node_modules/react-native-firebase/ios/RNFirebase/**",
					"$(SRCROOT)/../node_modules/react-native-razorpay/ios/**",
					"$(SRCROOT)/../node_modules/react-native-ui-lib/lib/ios/reactnativeuilib/**",
					"$(SRCROOT)/../node_modules/react-native-razorpay/ios/**",
					"$(SRCROOT)/../node_modules/react-native-restart/ios/RCTRestart",
					"$(SRCROOT)/../node_modules/react-native-image-to-pdf/ios",
					"$(SRCROOT)/../node_modules/react-native-location-satellites/ios/**",
				);
				INFOPLIST_FILE = OyeSpace/Info.plist;
				IPHONEOS_DEPLOYMENT_TARGET = 9.0;
				LD_RUNPATH_SEARCH_PATHS = "$(inherited) @executable_path/Frameworks";
				LIBRARY_SEARCH_PATHS = (
					"$(inherited)",
					"$(PROJECT_DIR)",
					"\"$(SRCROOT)/OyeSpace\"",
					"\"$(SRCROOT)/OyeSpace\"",
					"\"$(SRCROOT)/OyeSpace\"",
				);
				MARKETING_VERSION = 10.23;
				OTHER_LDFLAGS = (
					"$(inherited)",
					"-ObjC",
					"-lc++",
				);
				PRODUCT_BUNDLE_IDENTIFIER = com.oyespace.oyesafe;
				PRODUCT_NAME = OyeSpace;
				PROVISIONING_PROFILE_SPECIFIER = Sarthak_mac_oyesociety_dev;
				SWIFT_OBJC_BRIDGING_HEADER = "OyeSpace-Bridging-Header.h";
				SWIFT_VERSION = 4.0;
				VERSIONING_SYSTEM = "apple-generic";
			};
			name = Release;
		};
		83CBBA201A601CBA00E9B192 /* Debug */ = {
			isa = XCBuildConfiguration;
			buildSettings = {
				ALWAYS_SEARCH_USER_PATHS = NO;
				CLANG_CXX_LANGUAGE_STANDARD = "gnu++0x";
				CLANG_CXX_LIBRARY = "libc++";
				CLANG_ENABLE_MODULES = YES;
				CLANG_ENABLE_OBJC_ARC = YES;
				CLANG_WARN_BLOCK_CAPTURE_AUTORELEASING = YES;
				CLANG_WARN_BOOL_CONVERSION = YES;
				CLANG_WARN_COMMA = YES;
				CLANG_WARN_CONSTANT_CONVERSION = YES;
				CLANG_WARN_DEPRECATED_OBJC_IMPLEMENTATIONS = YES;
				CLANG_WARN_DIRECT_OBJC_ISA_USAGE = YES_ERROR;
				CLANG_WARN_EMPTY_BODY = YES;
				CLANG_WARN_ENUM_CONVERSION = YES;
				CLANG_WARN_INFINITE_RECURSION = YES;
				CLANG_WARN_INT_CONVERSION = YES;
				CLANG_WARN_NON_LITERAL_NULL_CONVERSION = YES;
				CLANG_WARN_OBJC_IMPLICIT_RETAIN_SELF = YES;
				CLANG_WARN_OBJC_LITERAL_CONVERSION = YES;
				CLANG_WARN_OBJC_ROOT_CLASS = YES_ERROR;
				CLANG_WARN_RANGE_LOOP_ANALYSIS = YES;
				CLANG_WARN_STRICT_PROTOTYPES = YES;
				CLANG_WARN_SUSPICIOUS_MOVE = YES;
				CLANG_WARN_UNREACHABLE_CODE = YES;
				CLANG_WARN__DUPLICATE_METHOD_MATCH = YES;
				"CODE_SIGN_IDENTITY[sdk=iphoneos*]" = "iPhone Developer";
				COPY_PHASE_STRIP = NO;
				ENABLE_STRICT_OBJC_MSGSEND = YES;
				ENABLE_TESTABILITY = YES;
				GCC_C_LANGUAGE_STANDARD = gnu99;
				GCC_DYNAMIC_NO_PIC = NO;
				GCC_NO_COMMON_BLOCKS = YES;
				GCC_OPTIMIZATION_LEVEL = 0;
				GCC_PREPROCESSOR_DEFINITIONS = (
					"DEBUG=1",
					"$(inherited)",
				);
				GCC_SYMBOLS_PRIVATE_EXTERN = NO;
				GCC_WARN_64_TO_32_BIT_CONVERSION = YES;
				GCC_WARN_ABOUT_RETURN_TYPE = YES_ERROR;
				GCC_WARN_UNDECLARED_SELECTOR = YES;
				GCC_WARN_UNINITIALIZED_AUTOS = YES_AGGRESSIVE;
				GCC_WARN_UNUSED_FUNCTION = YES;
				GCC_WARN_UNUSED_VARIABLE = YES;
				IPHONEOS_DEPLOYMENT_TARGET = 7.0;
				MTL_ENABLE_DEBUG_INFO = YES;
				ONLY_ACTIVE_ARCH = YES;
				SDKROOT = iphoneos;
			};
			name = Debug;
		};
		83CBBA211A601CBA00E9B192 /* Release */ = {
			isa = XCBuildConfiguration;
			buildSettings = {
				ALWAYS_SEARCH_USER_PATHS = NO;
				CLANG_CXX_LANGUAGE_STANDARD = "gnu++0x";
				CLANG_CXX_LIBRARY = "libc++";
				CLANG_ENABLE_MODULES = YES;
				CLANG_ENABLE_OBJC_ARC = YES;
				CLANG_WARN_BLOCK_CAPTURE_AUTORELEASING = YES;
				CLANG_WARN_BOOL_CONVERSION = YES;
				CLANG_WARN_COMMA = YES;
				CLANG_WARN_CONSTANT_CONVERSION = YES;
				CLANG_WARN_DEPRECATED_OBJC_IMPLEMENTATIONS = YES;
				CLANG_WARN_DIRECT_OBJC_ISA_USAGE = YES_ERROR;
				CLANG_WARN_EMPTY_BODY = YES;
				CLANG_WARN_ENUM_CONVERSION = YES;
				CLANG_WARN_INFINITE_RECURSION = YES;
				CLANG_WARN_INT_CONVERSION = YES;
				CLANG_WARN_NON_LITERAL_NULL_CONVERSION = YES;
				CLANG_WARN_OBJC_IMPLICIT_RETAIN_SELF = YES;
				CLANG_WARN_OBJC_LITERAL_CONVERSION = YES;
				CLANG_WARN_OBJC_ROOT_CLASS = YES_ERROR;
				CLANG_WARN_RANGE_LOOP_ANALYSIS = YES;
				CLANG_WARN_STRICT_PROTOTYPES = YES;
				CLANG_WARN_SUSPICIOUS_MOVE = YES;
				CLANG_WARN_UNREACHABLE_CODE = YES;
				CLANG_WARN__DUPLICATE_METHOD_MATCH = YES;
				"CODE_SIGN_IDENTITY[sdk=iphoneos*]" = "iPhone Developer";
				COPY_PHASE_STRIP = YES;
				ENABLE_NS_ASSERTIONS = NO;
				ENABLE_STRICT_OBJC_MSGSEND = YES;
				GCC_C_LANGUAGE_STANDARD = gnu99;
				GCC_NO_COMMON_BLOCKS = YES;
				GCC_WARN_64_TO_32_BIT_CONVERSION = YES;
				GCC_WARN_ABOUT_RETURN_TYPE = YES_ERROR;
				GCC_WARN_UNDECLARED_SELECTOR = YES;
				GCC_WARN_UNINITIALIZED_AUTOS = YES_AGGRESSIVE;
				GCC_WARN_UNUSED_FUNCTION = YES;
				GCC_WARN_UNUSED_VARIABLE = YES;
				IPHONEOS_DEPLOYMENT_TARGET = 7.0;
				MTL_ENABLE_DEBUG_INFO = NO;
				SDKROOT = iphoneos;
				VALIDATE_PRODUCT = YES;
			};
			name = Release;
		};
/* End XCBuildConfiguration section */

/* Begin XCConfigurationList section */
		13B07F931A680F5B00A75B9A /* Build configuration list for PBXNativeTarget "OyeSpace" */ = {
			isa = XCConfigurationList;
			buildConfigurations = (
				13B07F941A680F5B00A75B9A /* Debug */,
				13B07F951A680F5B00A75B9A /* Release */,
			);
			defaultConfigurationIsVisible = 0;
			defaultConfigurationName = Release;
		};
		83CBB9FA1A601CBA00E9B192 /* Build configuration list for PBXProject "OyeSpace" */ = {
			isa = XCConfigurationList;
			buildConfigurations = (
				83CBBA201A601CBA00E9B192 /* Debug */,
				83CBBA211A601CBA00E9B192 /* Release */,
			);
			defaultConfigurationIsVisible = 0;
			defaultConfigurationName = Release;
		};
/* End XCConfigurationList section */
	};
	rootObject = 83CBB9F71A601CBA00E9B192 /* Project object */;
}
